// !$*UTF8*$!
{
	archiveVersion = 1;
	classes = {
	};
	objectVersion = 54;
	objects = {

/* Begin PBXBuildFile section */
		0FC02775F2534B8C849BD56D /* LiveActivityView.swift in Sources */ = {isa = PBXBuildFile; fileRef = 17DE1B9A4D2E4AD38E125E97 /* LiveActivityView.swift */; };
		13983D6D2629FB779CAC93F9 /* libPods-JSONfit.a in Frameworks */ = {isa = PBXBuildFile; fileRef = 3B0D4D18FFD79AAEECC6FD05 /* libPods-JSONfit.a */; };
		13B07FBF1A68108700A75B9A /* Images.xcassets in Resources */ = {isa = PBXBuildFile; fileRef = 13B07FB51A68108700A75B9A /* Images.xcassets */; };
		2D3B4873251840148FC31612 /* Color+hex.swift in Sources */ = {isa = PBXBuildFile; fileRef = 89E7BFE75725424EADBB7C97 /* Color+hex.swift */; };
		311A822DFC35463798772C02 /* ViewHelpers.swift in Sources */ = {isa = PBXBuildFile; fileRef = BD62467C70F340BF84530B38 /* ViewHelpers.swift */; };
		3E461D99554A48A4959DE609 /* SplashScreen.storyboard in Resources */ = {isa = PBXBuildFile; fileRef = AA286B85B6C04FC6940260E9 /* SplashScreen.storyboard */; };
		45F6537475824037917BCABB /* LiveActivity.appex in Embed Foundation Extensions */ = {isa = PBXBuildFile; fileRef = 0B873D59786146F88250F8BA /* LiveActivity.appex */; };
		48F0224C74894DBAB4D24453 /* View+applyWidgetURL.swift in Sources */ = {isa = PBXBuildFile; fileRef = F0284EB73E0B40D2B69A60D1 /* View+applyWidgetURL.swift */; };
		5AC68AA94CC341B2A983DC73 /* Assets.xcassets in Resources */ = {isa = PBXBuildFile; fileRef = 129F0FA2AC8C4A58B458BB6A /* Assets.xcassets */; };
		79E1713E34935BF91DF5C425 /* ExpoModulesProvider.swift in Sources */ = {isa = PBXBuildFile; fileRef = 8E6E387B6946CE5BBFC33835 /* ExpoModulesProvider.swift */; };
		8B36AC2F620A4999A0BE5883 /* LiveActivityWidgetBundle.swift in Sources */ = {isa = PBXBuildFile; fileRef = 06C742B0627046BCBBDFBE50 /* LiveActivityWidgetBundle.swift */; };
		A9D3E2EC06874723A4E93A00 /* View+applyIfPresent.swift in Sources */ = {isa = PBXBuildFile; fileRef = 66F5F62BEF6A475A92B0CB02 /* View+applyIfPresent.swift */; };
		AD0FFE3131A6A805104C9771 /* PrivacyInfo.xcprivacy in Resources */ = {isa = PBXBuildFile; fileRef = AA25FA1FA413FD46A916EBF2 /* PrivacyInfo.xcprivacy */; };
		BB2F792D24A3F905000567C9 /* Expo.plist in Resources */ = {isa = PBXBuildFile; fileRef = BB2F792C24A3F905000567C9 /* Expo.plist */; };
		DD56F6B499CB49BEB918851B /* Image+dynamic.swift in Sources */ = {isa = PBXBuildFile; fileRef = 7EEEA156957D4085AD0A7C7C /* Image+dynamic.swift */; };
		E0599A9674014016979FDD13 /* LiveActivityWidget.swift in Sources */ = {isa = PBXBuildFile; fileRef = 0D371B98465644899F0B67A1 /* LiveActivityWidget.swift */; };
		F11748422D0307B40044C1D9 /* AppDelegate.swift in Sources */ = {isa = PBXBuildFile; fileRef = F11748412D0307B40044C1D9 /* AppDelegate.swift */; };
		FF327DDBDD8144F2A0089518 /* Date+toTimerInterval.swift in Sources */ = {isa = PBXBuildFile; fileRef = B9B08EDDE2804BBC9D237572 /* Date+toTimerInterval.swift */; };
		BA419B68405D42E2BC4CFB38 /* LiveActivity.appex in Embed Foundation Extensions */ = {isa = PBXBuildFile; fileRef = AB3DA441F46E4BA3B29647E2 /* LiveActivity.appex */; };
		206EF3F7813D4EB799AE4D1D /* LiveActivity.appex in Embed Foundation Extensions */ = {isa = PBXBuildFile; fileRef = D29637BB1DD44B4A8E1EC7C1 /* LiveActivity.appex */; };
/* End PBXBuildFile section */

/* Begin PBXContainerItemProxy section */
		DBAA8AFE5421471AAFC2F019 /* PBXContainerItemProxy */ = {
			isa = PBXContainerItemProxy;
			containerPortal = 83CBB9F71A601CBA00E9B192 /* Project object */;
			proxyType = 1;
			remoteGlobalIDString = F28B5CC6E4BC40888DC00FC2;
			remoteInfo = LiveActivity;
		};
		EA885D05A35447ECA8CF35CD /* PBXContainerItemProxy */ = {
			isa = PBXContainerItemProxy;
			containerPortal = 83CBB9F71A601CBA00E9B192 /* Project object */;
			proxyType = 1;
			remoteGlobalIDString = F9F10EEC53334AAFB2ECB5D7;
			remoteInfo = LiveActivity;
		};
		B41D92523CE6463BA65AF785 /* PBXContainerItemProxy */ = {
			isa = PBXContainerItemProxy;
			containerPortal = 83CBB9F71A601CBA00E9B192 /* Project object */;
			proxyType = 1;
			remoteGlobalIDString = 8B5C6A0588DC4DE5ADFCEB6D;
			remoteInfo = LiveActivity;
		};
/* End PBXContainerItemProxy section */

/* Begin PBXCopyFilesBuildPhase section */
		9383F0C449FE4E69B5485D57 /* Embed Foundation Extensions */ = {
			isa = PBXCopyFilesBuildPhase;
			buildActionMask = 2147483647;
			dstPath = "";
			dstSubfolderSpec = 13;
			files = (
				45F6537475824037917BCABB /* LiveActivity.appex in Embed Foundation Extensions */,
				BA419B68405D42E2BC4CFB38 /* LiveActivity.appex in Embed Foundation Extensions */,
				206EF3F7813D4EB799AE4D1D /* LiveActivity.appex in Embed Foundation Extensions */,
			);
			name = "Embed Foundation Extensions";
			runOnlyForDeploymentPostprocessing = 0;
		};
		228CDC09DCFC47A4B22D9AA4 /* Embed Foundation Extensions */ = {
			isa = PBXCopyFilesBuildPhase;
			buildActionMask = 2147483647;
			files = (
			);
			runOnlyForDeploymentPostprocessing = 0;
			name = "Embed Foundation Extensions";
			dstPath = "";
			dstSubfolderSpec = 13;
		};
		997A5BE429A94E9DB1724152 /* Embed Foundation Extensions */ = {
			isa = PBXCopyFilesBuildPhase;
			buildActionMask = 2147483647;
			files = (
			);
			runOnlyForDeploymentPostprocessing = 0;
			name = "Embed Foundation Extensions";
			dstPath = "";
			dstSubfolderSpec = 13;
		};
/* End PBXCopyFilesBuildPhase section */

/* Begin PBXFileReference section */
		06C742B0627046BCBBDFBE50 /* LiveActivityWidgetBundle.swift */ = {isa = PBXFileReference; explicitFileType = undefined; fileEncoding = 4; includeInIndex = 0; lastKnownFileType = sourcecode.swift; name = LiveActivityWidgetBundle.swift; path = LiveActivityWidgetBundle.swift; sourceTree = "<group>"; };
		0B873D59786146F88250F8BA /* LiveActivity.appex */ = {isa = PBXFileReference; explicitFileType = "wrapper.app-extension"; fileEncoding = undefined; includeInIndex = 0; lastKnownFileType = undefined; name = LiveActivity.appex; path = LiveActivity.appex; sourceTree = BUILT_PRODUCTS_DIR; };
		0D371B98465644899F0B67A1 /* LiveActivityWidget.swift */ = {isa = PBXFileReference; explicitFileType = undefined; fileEncoding = 4; includeInIndex = 0; lastKnownFileType = sourcecode.swift; name = LiveActivityWidget.swift; path = LiveActivityWidget.swift; sourceTree = "<group>"; };
		129F0FA2AC8C4A58B458BB6A /* Assets.xcassets */ = {isa = PBXFileReference; explicitFileType = undefined; fileEncoding = undefined; includeInIndex = 0; lastKnownFileType = folder.assetcatalog; name = Assets.xcassets; path = Assets.xcassets; sourceTree = "<group>"; };
		13B07F961A680F5B00A75B9A /* JSONfit.app */ = {isa = PBXFileReference; explicitFileType = wrapper.application; includeInIndex = 0; path = JSONfit.app; sourceTree = BUILT_PRODUCTS_DIR; };
		13B07FB51A68108700A75B9A /* Images.xcassets */ = {isa = PBXFileReference; lastKnownFileType = folder.assetcatalog; name = Images.xcassets; path = JSONfit/Images.xcassets; sourceTree = "<group>"; };
		13B07FB61A68108700A75B9A /* Info.plist */ = {isa = PBXFileReference; fileEncoding = 4; lastKnownFileType = text.plist.xml; name = Info.plist; path = JSONfit/Info.plist; sourceTree = "<group>"; };
		17DE1B9A4D2E4AD38E125E97 /* LiveActivityView.swift */ = {isa = PBXFileReference; explicitFileType = undefined; fileEncoding = 4; includeInIndex = 0; lastKnownFileType = sourcecode.swift; name = LiveActivityView.swift; path = LiveActivityView.swift; sourceTree = "<group>"; };
		269783752BF9C7DFB8785D8A /* Pods-JSONfit.debug.xcconfig */ = {isa = PBXFileReference; includeInIndex = 1; lastKnownFileType = text.xcconfig; name = "Pods-JSONfit.debug.xcconfig"; path = "Target Support Files/Pods-JSONfit/Pods-JSONfit.debug.xcconfig"; sourceTree = "<group>"; };
		2900ED02AB7F4FDEB54F228D /* LiveActivity.entitlements */ = {isa = PBXFileReference; explicitFileType = undefined; fileEncoding = undefined; includeInIndex = 0; lastKnownFileType = unknown; name = LiveActivity.entitlements; path = LiveActivity.entitlements; sourceTree = "<group>"; };
		3B0D4D18FFD79AAEECC6FD05 /* libPods-JSONfit.a */ = {isa = PBXFileReference; explicitFileType = archive.ar; includeInIndex = 0; path = "libPods-JSONfit.a"; sourceTree = BUILT_PRODUCTS_DIR; };
		66F5F62BEF6A475A92B0CB02 /* View+applyIfPresent.swift */ = {isa = PBXFileReference; explicitFileType = undefined; fileEncoding = 4; includeInIndex = 0; lastKnownFileType = sourcecode.swift; name = "View+applyIfPresent.swift"; path = "View+applyIfPresent.swift"; sourceTree = "<group>"; };
		7EEEA156957D4085AD0A7C7C /* Image+dynamic.swift */ = {isa = PBXFileReference; explicitFileType = undefined; fileEncoding = 4; includeInIndex = 0; lastKnownFileType = sourcecode.swift; name = "Image+dynamic.swift"; path = "Image+dynamic.swift"; sourceTree = "<group>"; };
		89E7BFE75725424EADBB7C97 /* Color+hex.swift */ = {isa = PBXFileReference; explicitFileType = undefined; fileEncoding = 4; includeInIndex = 0; lastKnownFileType = sourcecode.swift; name = "Color+hex.swift"; path = "Color+hex.swift"; sourceTree = "<group>"; };
		8E6E387B6946CE5BBFC33835 /* ExpoModulesProvider.swift */ = {isa = PBXFileReference; includeInIndex = 1; lastKnownFileType = sourcecode.swift; name = ExpoModulesProvider.swift; path = "Pods/Target Support Files/Pods-JSONfit/ExpoModulesProvider.swift"; sourceTree = "<group>"; };
		9DD676E34D0CAE811ADC3E1B /* Pods-JSONfit.release.xcconfig */ = {isa = PBXFileReference; includeInIndex = 1; lastKnownFileType = text.xcconfig; name = "Pods-JSONfit.release.xcconfig"; path = "Target Support Files/Pods-JSONfit/Pods-JSONfit.release.xcconfig"; sourceTree = "<group>"; };
		9F48677EF06344849FCA2613 /* Info.plist */ = {isa = PBXFileReference; explicitFileType = undefined; fileEncoding = 4; includeInIndex = 0; lastKnownFileType = text.plist.xml; name = Info.plist; path = Info.plist; sourceTree = "<group>"; };
		AA25FA1FA413FD46A916EBF2 /* PrivacyInfo.xcprivacy */ = {isa = PBXFileReference; includeInIndex = 1; name = PrivacyInfo.xcprivacy; path = JSONfit/PrivacyInfo.xcprivacy; sourceTree = "<group>"; };
		AA286B85B6C04FC6940260E9 /* SplashScreen.storyboard */ = {isa = PBXFileReference; fileEncoding = 4; lastKnownFileType = file.storyboard; name = SplashScreen.storyboard; path = JSONfit/SplashScreen.storyboard; sourceTree = "<group>"; };
		B9B08EDDE2804BBC9D237572 /* Date+toTimerInterval.swift */ = {isa = PBXFileReference; explicitFileType = undefined; fileEncoding = 4; includeInIndex = 0; lastKnownFileType = sourcecode.swift; name = "Date+toTimerInterval.swift"; path = "Date+toTimerInterval.swift"; sourceTree = "<group>"; };
		BB2F792C24A3F905000567C9 /* Expo.plist */ = {isa = PBXFileReference; fileEncoding = 4; lastKnownFileType = text.plist.xml; path = Expo.plist; sourceTree = "<group>"; };
		BD62467C70F340BF84530B38 /* ViewHelpers.swift */ = {isa = PBXFileReference; explicitFileType = undefined; fileEncoding = 4; includeInIndex = 0; lastKnownFileType = sourcecode.swift; name = ViewHelpers.swift; path = ViewHelpers.swift; sourceTree = "<group>"; };
		ED297162215061F000B7C4FE /* JavaScriptCore.framework */ = {isa = PBXFileReference; lastKnownFileType = wrapper.framework; name = JavaScriptCore.framework; path = System/Library/Frameworks/JavaScriptCore.framework; sourceTree = SDKROOT; };
		F0284EB73E0B40D2B69A60D1 /* View+applyWidgetURL.swift */ = {isa = PBXFileReference; explicitFileType = undefined; fileEncoding = 4; includeInIndex = 0; lastKnownFileType = sourcecode.swift; name = "View+applyWidgetURL.swift"; path = "View+applyWidgetURL.swift"; sourceTree = "<group>"; };
		F11748412D0307B40044C1D9 /* AppDelegate.swift */ = {isa = PBXFileReference; lastKnownFileType = sourcecode.swift; name = AppDelegate.swift; path = JSONfit/AppDelegate.swift; sourceTree = "<group>"; };
		F11748442D0722820044C1D9 /* JSONfit-Bridging-Header.h */ = {isa = PBXFileReference; lastKnownFileType = sourcecode.c.h; name = "JSONfit-Bridging-Header.h"; path = "JSONfit/JSONfit-Bridging-Header.h"; sourceTree = "<group>"; };
		AB3DA441F46E4BA3B29647E2 /* LiveActivity.appex */ = {isa = PBXFileReference; name = "LiveActivity.appex"; path = "LiveActivity.appex"; sourceTree = BUILT_PRODUCTS_DIR; fileEncoding = undefined; lastKnownFileType = undefined; explicitFileType = wrapper.app-extension; includeInIndex = 0; };
		D29637BB1DD44B4A8E1EC7C1 /* LiveActivity.appex */ = {isa = PBXFileReference; name = "LiveActivity.appex"; path = "LiveActivity.appex"; sourceTree = BUILT_PRODUCTS_DIR; fileEncoding = undefined; lastKnownFileType = undefined; explicitFileType = wrapper.app-extension; includeInIndex = 0; };
/* End PBXFileReference section */

/* Begin PBXFrameworksBuildPhase section */
		13B07F8C1A680F5B00A75B9A /* Frameworks */ = {
			isa = PBXFrameworksBuildPhase;
			buildActionMask = 2147483647;
			files = (
				13983D6D2629FB779CAC93F9 /* libPods-JSONfit.a in Frameworks */,
			);
			runOnlyForDeploymentPostprocessing = 0;
		};
		1FC7352608CA45FEBB94321B /* Frameworks */ = {
			isa = PBXFrameworksBuildPhase;
			buildActionMask = 2147483647;
			files = (
			);
			runOnlyForDeploymentPostprocessing = 0;
		};
		36E286BC6BE14E6B87DE9D94 /* Embed Foundation Extensions */ = {
			isa = PBXFrameworksBuildPhase;
			buildActionMask = 2147483647;
			files = (
			);
			runOnlyForDeploymentPostprocessing = 0;
		};
		12390DA58CCE4A3D994B6BE2 /* Embed Foundation Extensions */ = {
			isa = PBXFrameworksBuildPhase;
			buildActionMask = 2147483647;
			files = (
			);
			runOnlyForDeploymentPostprocessing = 0;
		};
/* End PBXFrameworksBuildPhase section */

/* Begin PBXGroup section */
		0C80D0C2974F48FCA5A6B571 /* LiveActivity */ = {
			isa = PBXGroup;
			children = (
				89E7BFE75725424EADBB7C97 /* Color+hex.swift */,
				B9B08EDDE2804BBC9D237572 /* Date+toTimerInterval.swift */,
				7EEEA156957D4085AD0A7C7C /* Image+dynamic.swift */,
				17DE1B9A4D2E4AD38E125E97 /* LiveActivityView.swift */,
				0D371B98465644899F0B67A1 /* LiveActivityWidget.swift */,
				06C742B0627046BCBBDFBE50 /* LiveActivityWidgetBundle.swift */,
				66F5F62BEF6A475A92B0CB02 /* View+applyIfPresent.swift */,
				F0284EB73E0B40D2B69A60D1 /* View+applyWidgetURL.swift */,
				BD62467C70F340BF84530B38 /* ViewHelpers.swift */,
				9F48677EF06344849FCA2613 /* Info.plist */,
				129F0FA2AC8C4A58B458BB6A /* Assets.xcassets */,
				2900ED02AB7F4FDEB54F228D /* LiveActivity.entitlements */,
			);
			name = LiveActivity;
			path = LiveActivity;
			sourceTree = "<group>";
		};
		13B07FAE1A68108700A75B9A /* JSONfit */ = {
			isa = PBXGroup;
			children = (
				F11748412D0307B40044C1D9 /* AppDelegate.swift */,
				F11748442D0722820044C1D9 /* JSONfit-Bridging-Header.h */,
				BB2F792B24A3F905000567C9 /* Supporting */,
				13B07FB51A68108700A75B9A /* Images.xcassets */,
				13B07FB61A68108700A75B9A /* Info.plist */,
				AA286B85B6C04FC6940260E9 /* SplashScreen.storyboard */,
				AA25FA1FA413FD46A916EBF2 /* PrivacyInfo.xcprivacy */,
			);
			name = JSONfit;
			sourceTree = "<group>";
		};
		26D98DDC913B22F69B09A1BF /* Pods */ = {
			isa = PBXGroup;
			children = (
				269783752BF9C7DFB8785D8A /* Pods-JSONfit.debug.xcconfig */,
				9DD676E34D0CAE811ADC3E1B /* Pods-JSONfit.release.xcconfig */,
			);
			name = Pods;
			path = Pods;
			sourceTree = "<group>";
		};
		2D16E6871FA4F8E400B85C8A /* Frameworks */ = {
			isa = PBXGroup;
			children = (
				ED297162215061F000B7C4FE /* JavaScriptCore.framework */,
				3B0D4D18FFD79AAEECC6FD05 /* libPods-JSONfit.a */,
			);
			name = Frameworks;
			sourceTree = "<group>";
		};
		6EB0646CE09C2D1809FE97F3 /* ExpoModulesProviders */ = {
			isa = PBXGroup;
			children = (
				FB52D979289E5D5E33C9DEFF /* JSONfit */,
			);
			name = ExpoModulesProviders;
			sourceTree = "<group>";
		};
		832341AE1AAA6A7D00B99B32 /* Libraries */ = {
			isa = PBXGroup;
			children = (
			);
			name = Libraries;
			sourceTree = "<group>";
		};
		83CBB9F61A601CBA00E9B192 = {
			isa = PBXGroup;
			children = (
				13B07FAE1A68108700A75B9A /* JSONfit */,
				832341AE1AAA6A7D00B99B32 /* Libraries */,
				83CBBA001A601CBA00E9B192 /* Products */,
				2D16E6871FA4F8E400B85C8A /* Frameworks */,
				0C80D0C2974F48FCA5A6B571 /* LiveActivity */,
				26D98DDC913B22F69B09A1BF /* Pods */,
				6EB0646CE09C2D1809FE97F3 /* ExpoModulesProviders */,
				F320D892EB6A43CBBD7A85CC /* LiveActivity */,
				3EAD0B10979F4C1CBA2B1B4C /* LiveActivity */,
			);
			indentWidth = 2;
			sourceTree = "<group>";
			tabWidth = 2;
			usesTabs = 0;
		};
		83CBBA001A601CBA00E9B192 /* Products */ = {
			isa = PBXGroup;
			children = (
				13B07F961A680F5B00A75B9A /* JSONfit.app */,
				0B873D59786146F88250F8BA /* LiveActivity.appex */,
				AB3DA441F46E4BA3B29647E2 /* LiveActivity.appex */,
				D29637BB1DD44B4A8E1EC7C1 /* LiveActivity.appex */,
			);
			name = Products;
			sourceTree = "<group>";
		};
		BB2F792B24A3F905000567C9 /* Supporting */ = {
			isa = PBXGroup;
			children = (
				BB2F792C24A3F905000567C9 /* Expo.plist */,
			);
			name = Supporting;
			path = JSONfit/Supporting;
			sourceTree = "<group>";
		};
		FB52D979289E5D5E33C9DEFF /* JSONfit */ = {
			isa = PBXGroup;
			children = (
				8E6E387B6946CE5BBFC33835 /* ExpoModulesProvider.swift */,
			);
			name = JSONfit;
			sourceTree = "<group>";
		};
		F320D892EB6A43CBBD7A85CC /* LiveActivity */ = {
			isa = PBXGroup;
			children = (
				89E7BFE75725424EADBB7C97 /* Color+hex.swift */,
				B9B08EDDE2804BBC9D237572 /* Date+toTimerInterval.swift */,
				7EEEA156957D4085AD0A7C7C /* Image+dynamic.swift */,
				17DE1B9A4D2E4AD38E125E97 /* LiveActivityView.swift */,
				0D371B98465644899F0B67A1 /* LiveActivityWidget.swift */,
				06C742B0627046BCBBDFBE50 /* LiveActivityWidgetBundle.swift */,
				66F5F62BEF6A475A92B0CB02 /* View+applyIfPresent.swift */,
				F0284EB73E0B40D2B69A60D1 /* View+applyWidgetURL.swift */,
				BD62467C70F340BF84530B38 /* ViewHelpers.swift */,
				9F48677EF06344849FCA2613 /* Info.plist */,
				129F0FA2AC8C4A58B458BB6A /* Assets.xcassets */,
				2900ED02AB7F4FDEB54F228D /* LiveActivity.entitlements */,
			);
			name = LiveActivity;
			path = LiveActivity;
			sourceTree = "<group>";
		};
		3EAD0B10979F4C1CBA2B1B4C /* LiveActivity */ = {
			isa = PBXGroup;
			children = (
				89E7BFE75725424EADBB7C97 /* Color+hex.swift */,
				B9B08EDDE2804BBC9D237572 /* Date+toTimerInterval.swift */,
				7EEEA156957D4085AD0A7C7C /* Image+dynamic.swift */,
				17DE1B9A4D2E4AD38E125E97 /* LiveActivityView.swift */,
				0D371B98465644899F0B67A1 /* LiveActivityWidget.swift */,
				06C742B0627046BCBBDFBE50 /* LiveActivityWidgetBundle.swift */,
				66F5F62BEF6A475A92B0CB02 /* View+applyIfPresent.swift */,
				F0284EB73E0B40D2B69A60D1 /* View+applyWidgetURL.swift */,
				BD62467C70F340BF84530B38 /* ViewHelpers.swift */,
				9F48677EF06344849FCA2613 /* Info.plist */,
				129F0FA2AC8C4A58B458BB6A /* Assets.xcassets */,
				2900ED02AB7F4FDEB54F228D /* LiveActivity.entitlements */,
			);
			name = LiveActivity;
			path = LiveActivity;
			sourceTree = "<group>";
		};
/* End PBXGroup section */

/* Begin PBXNativeTarget section */
		13B07F861A680F5B00A75B9A /* JSONfit */ = {
			isa = PBXNativeTarget;
			buildConfigurationList = 13B07F931A680F5B00A75B9A /* Build configuration list for PBXNativeTarget "JSONfit" */;
			buildPhases = (
				08A4A3CD28434E44B6B9DE2E /* [CP] Check Pods Manifest.lock */,
				003ADF7FDA77DC52A1FC3E6F /* [Expo] Configure project */,
				13B07F871A680F5B00A75B9A /* Sources */,
				13B07F8C1A680F5B00A75B9A /* Frameworks */,
				13B07F8E1A680F5B00A75B9A /* Resources */,
				00DD1BFF1BD5951E006B06BC /* Bundle React Native code and images */,
				800E24972A6A228C8D4807E9 /* [CP] Copy Pods Resources */,
				9383F0C449FE4E69B5485D57 /* Embed Foundation Extensions */,
				57167CA2C145A7D232624913 /* [CP] Embed Pods Frameworks */,
				228CDC09DCFC47A4B22D9AA4 /* Embed Foundation Extensions */,
				997A5BE429A94E9DB1724152 /* Embed Foundation Extensions */,
			);
			buildRules = (
			);
			dependencies = (
				19A41C28BE2645788BB11306 /* PBXTargetDependency */,
				EE95823E424B4972B4494D71 /* PBXTargetDependency */,
				1FC256DEB93F4C088686869F /* PBXTargetDependency */,
			);
			name = JSONfit;
			productName = JSONfit;
			productReference = 13B07F961A680F5B00A75B9A /* JSONfit.app */;
			productType = "com.apple.product-type.application";
		};
		F28B5CC6E4BC40888DC00FC2 /* LiveActivity */ = {
			isa = PBXNativeTarget;
			buildConfigurationList = 3EABFCACBC9F411AACFC24F7 /* Build configuration list for PBXNativeTarget "LiveActivity" */;
			buildPhases = (
				65869865E6374B93BFBDC831 /* Sources */,
				1FC7352608CA45FEBB94321B /* Frameworks */,
				2B920C9331AC45479392DA37 /* Resources */,
			);
			buildRules = (
			);
			dependencies = (
			);
			name = LiveActivity;
			productName = LiveActivity;
			productReference = 0B873D59786146F88250F8BA /* LiveActivity.appex */;
			productType = "com.apple.product-type.app-extension";
		};
		F9F10EEC53334AAFB2ECB5D7 /* LiveActivity */ = {
			isa = PBXNativeTarget;
			name = LiveActivity;
			productName = LiveActivity;
			productReference = AB3DA441F46E4BA3B29647E2;
			productType = "com.apple.product-type.app-extension";
			buildConfigurationList = 75BB65AD753345F59559A929;
			buildPhases = (
				383B6FBEDF364E7AB80FCCCB /* Embed Foundation Extensions */,
				36E286BC6BE14E6B87DE9D94 /* Embed Foundation Extensions */,
				2BD703CCA0D44F69B7899C2F /* Embed Foundation Extensions */,
			);
			buildRules = (
			);
			dependencies = (
			);
		};
		8B5C6A0588DC4DE5ADFCEB6D /* LiveActivity */ = {
			isa = PBXNativeTarget;
			name = LiveActivity;
			productName = LiveActivity;
			productReference = D29637BB1DD44B4A8E1EC7C1;
			productType = "com.apple.product-type.app-extension";
			buildConfigurationList = D672AD6007084E68BF9DA109;
			buildPhases = (
				F2FDD964B40B450B80DE0940 /* Embed Foundation Extensions */,
				12390DA58CCE4A3D994B6BE2 /* Embed Foundation Extensions */,
				D79D66A1E7864232B4E0776A /* Embed Foundation Extensions */,
			);
			buildRules = (
			);
			dependencies = (
			);
		};
/* End PBXNativeTarget section */

/* Begin PBXProject section */
		83CBB9F71A601CBA00E9B192 /* Project object */ = {
			isa = PBXProject;
			attributes = {
				LastUpgradeCheck = 1130;
				TargetAttributes = {
					13B07F861A680F5B00A75B9A = {
						LastSwiftMigration = 1250;
					};
					F28B5CC6E4BC40888DC00FC2 = {
						LastSwiftMigration = 1250;
					};
					F9F10EEC53334AAFB2ECB5D7 = {
						LastSwiftMigration = 1250;
					};
					8B5C6A0588DC4DE5ADFCEB6D = {
						LastSwiftMigration = 1250;
					};
				};
			};
			buildConfigurationList = 83CBB9FA1A601CBA00E9B192 /* Build configuration list for PBXProject "JSONfit" */;
			compatibilityVersion = "Xcode 3.2";
			developmentRegion = en;
			hasScannedForEncodings = 0;
			knownRegions = (
				en,
				Base,
			);
			mainGroup = 83CBB9F61A601CBA00E9B192;
			productRefGroup = 83CBBA001A601CBA00E9B192 /* Products */;
			projectDirPath = "";
			projectRoot = "";
			targets = (
				13B07F861A680F5B00A75B9A /* JSONfit */,
				F28B5CC6E4BC40888DC00FC2 /* LiveActivity */,
				F9F10EEC53334AAFB2ECB5D7 /* LiveActivity */,
				8B5C6A0588DC4DE5ADFCEB6D /* LiveActivity */,
			);
		};
/* End PBXProject section */

/* Begin PBXResourcesBuildPhase section */
		13B07F8E1A680F5B00A75B9A /* Resources */ = {
			isa = PBXResourcesBuildPhase;
			buildActionMask = 2147483647;
			files = (
				BB2F792D24A3F905000567C9 /* Expo.plist in Resources */,
				13B07FBF1A68108700A75B9A /* Images.xcassets in Resources */,
				3E461D99554A48A4959DE609 /* SplashScreen.storyboard in Resources */,
				AD0FFE3131A6A805104C9771 /* PrivacyInfo.xcprivacy in Resources */,
			);
			runOnlyForDeploymentPostprocessing = 0;
		};
		2B920C9331AC45479392DA37 /* Resources */ = {
			isa = PBXResourcesBuildPhase;
			buildActionMask = 2147483647;
			files = (
				5AC68AA94CC341B2A983DC73 /* Assets.xcassets in Resources */,
			);
			runOnlyForDeploymentPostprocessing = 0;
		};
		2BD703CCA0D44F69B7899C2F /* Embed Foundation Extensions */ = {
			isa = PBXResourcesBuildPhase;
			buildActionMask = 2147483647;
			files = (
				5AC68AA94CC341B2A983DC73 /* Assets.xcassets in Resources */,
			);
			runOnlyForDeploymentPostprocessing = 0;
		};
		D79D66A1E7864232B4E0776A /* Embed Foundation Extensions */ = {
			isa = PBXResourcesBuildPhase;
			buildActionMask = 2147483647;
			files = (
				5AC68AA94CC341B2A983DC73 /* Assets.xcassets in Resources */,
			);
			runOnlyForDeploymentPostprocessing = 0;
		};
/* End PBXResourcesBuildPhase section */

/* Begin PBXShellScriptBuildPhase section */
		003ADF7FDA77DC52A1FC3E6F /* [Expo] Configure project */ = {
			isa = PBXShellScriptBuildPhase;
			alwaysOutOfDate = 1;
			buildActionMask = 2147483647;
			files = (
			);
			inputFileListPaths = (
			);
			inputPaths = (
				"$(SRCROOT)/.xcode.env",
				"$(SRCROOT)/.xcode.env.local",
				"$(SRCROOT)/JSONfit/JSONfit.entitlements",
				"$(SRCROOT)/Pods/Target Support Files/Pods-JSONfit/expo-configure-project.sh",
			);
			name = "[Expo] Configure project";
			outputFileListPaths = (
			);
			outputPaths = (
				"$(SRCROOT)/Pods/Target Support Files/Pods-JSONfit/ExpoModulesProvider.swift",
			);
			runOnlyForDeploymentPostprocessing = 0;
			shellPath = /bin/sh;
			shellScript = "# This script configures Expo modules and generates the modules provider file.\nbash -l -c \"./Pods/Target\\ Support\\ Files/Pods-JSONfit/expo-configure-project.sh\"\n";
		};
		00DD1BFF1BD5951E006B06BC /* Bundle React Native code and images */ = {
			isa = PBXShellScriptBuildPhase;
			alwaysOutOfDate = 1;
			buildActionMask = 2147483647;
			files = (
			);
			inputPaths = (
				"$(SRCROOT)/.xcode.env",
				"$(SRCROOT)/.xcode.env.local",
			);
			name = "Bundle React Native code and images";
			outputPaths = (
			);
			runOnlyForDeploymentPostprocessing = 0;
			shellPath = /bin/sh;
			shellScript = "if [[ -f \"$PODS_ROOT/../.xcode.env\" ]]; then\n  source \"$PODS_ROOT/../.xcode.env\"\nfi\nif [[ -f \"$PODS_ROOT/../.xcode.env.local\" ]]; then\n  source \"$PODS_ROOT/../.xcode.env.local\"\nfi\n\n# The project root by default is one level up from the ios directory\nexport PROJECT_ROOT=\"$PROJECT_DIR\"/..\n\nif [[ \"$CONFIGURATION\" = *Debug* ]]; then\n  export SKIP_BUNDLING=1\nfi\nif [[ -z \"$ENTRY_FILE\" ]]; then\n  # Set the entry JS file using the bundler's entry resolution.\n  export ENTRY_FILE=\"$(\"$NODE_BINARY\" -e \"require('expo/scripts/resolveAppEntry')\" \"$PROJECT_ROOT\" ios absolute | tail -n 1)\"\nfi\n\nif [[ -z \"$CLI_PATH\" ]]; then\n  # Use Expo CLI\n  export CLI_PATH=\"$(\"$NODE_BINARY\" --print \"require.resolve('@expo/cli', { paths: [require.resolve('expo/package.json')] })\")\"\nfi\nif [[ -z \"$BUNDLE_COMMAND\" ]]; then\n  # Default Expo CLI command for bundling\n  export BUNDLE_COMMAND=\"export:embed\"\nfi\n\n# Source .xcode.env.updates if it exists to allow\n# SKIP_BUNDLING to be unset if needed\nif [[ -f \"$PODS_ROOT/../.xcode.env.updates\" ]]; then\n  source \"$PODS_ROOT/../.xcode.env.updates\"\nfi\n# Source local changes to allow overrides\n# if needed\nif [[ -f \"$PODS_ROOT/../.xcode.env.local\" ]]; then\n  source \"$PODS_ROOT/../.xcode.env.local\"\nfi\n\n`\"$NODE_BINARY\" --print \"require('path').dirname(require.resolve('react-native/package.json')) + '/scripts/react-native-xcode.sh'\"`\n\n";
		};
		08A4A3CD28434E44B6B9DE2E /* [CP] Check Pods Manifest.lock */ = {
			isa = PBXShellScriptBuildPhase;
			buildActionMask = 2147483647;
			files = (
			);
			inputFileListPaths = (
			);
			inputPaths = (
				"${PODS_PODFILE_DIR_PATH}/Podfile.lock",
				"${PODS_ROOT}/Manifest.lock",
			);
			name = "[CP] Check Pods Manifest.lock";
			outputFileListPaths = (
			);
			outputPaths = (
				"$(DERIVED_FILE_DIR)/Pods-JSONfit-checkManifestLockResult.txt",
			);
			runOnlyForDeploymentPostprocessing = 0;
			shellPath = /bin/sh;
			shellScript = "diff \"${PODS_PODFILE_DIR_PATH}/Podfile.lock\" \"${PODS_ROOT}/Manifest.lock\" > /dev/null\nif [ $? != 0 ] ; then\n    # print error to STDERR\n    echo \"error: The sandbox is not in sync with the Podfile.lock. Run 'pod install' or update your CocoaPods installation.\" >&2\n    exit 1\nfi\n# This output is used by Xcode 'outputs' to avoid re-running this script phase.\necho \"SUCCESS\" > \"${SCRIPT_OUTPUT_FILE_0}\"\n";
			showEnvVarsInLog = 0;
		};
		57167CA2C145A7D232624913 /* [CP] Embed Pods Frameworks */ = {
			isa = PBXShellScriptBuildPhase;
			buildActionMask = 2147483647;
			files = (
			);
			inputPaths = (
				"${PODS_ROOT}/Target Support Files/Pods-JSONfit/Pods-JSONfit-frameworks.sh",
				"${PODS_XCFRAMEWORKS_BUILD_DIR}/hermes-engine/Pre-built/hermes.framework/hermes",
			);
			name = "[CP] Embed Pods Frameworks";
			outputPaths = (
				"${TARGET_BUILD_DIR}/${FRAMEWORKS_FOLDER_PATH}/hermes.framework",
			);
			runOnlyForDeploymentPostprocessing = 0;
			shellPath = /bin/sh;
			shellScript = "\"${PODS_ROOT}/Target Support Files/Pods-JSONfit/Pods-JSONfit-frameworks.sh\"\n";
			showEnvVarsInLog = 0;
		};
		800E24972A6A228C8D4807E9 /* [CP] Copy Pods Resources */ = {
			isa = PBXShellScriptBuildPhase;
			buildActionMask = 2147483647;
			files = (
			);
			inputPaths = (
				"${PODS_ROOT}/Target Support Files/Pods-JSONfit/Pods-JSONfit-resources.sh",
				"${PODS_CONFIGURATION_BUILD_DIR}/EXConstants/EXConstants.bundle",
				"${PODS_CONFIGURATION_BUILD_DIR}/EXConstants/ExpoConstants_privacy.bundle",
				"${PODS_CONFIGURATION_BUILD_DIR}/ExpoDevice/ExpoDevice_privacy.bundle",
				"${PODS_CONFIGURATION_BUILD_DIR}/ExpoFileSystem/ExpoFileSystem_privacy.bundle",
				"${PODS_CONFIGURATION_BUILD_DIR}/ExpoSystemUI/ExpoSystemUI_privacy.bundle",
				"${PODS_CONFIGURATION_BUILD_DIR}/PurchasesHybridCommon/PurchasesHybridCommon.bundle",
				"${PODS_CONFIGURATION_BUILD_DIR}/RCT-Folly/RCT-Folly_privacy.bundle",
				"${PODS_CONFIGURATION_BUILD_DIR}/RNCAsyncStorage/RNCAsyncStorage_resources.bundle",
				"${PODS_CONFIGURATION_BUILD_DIR}/RNSVG/RNSVGFilters.bundle",
				"${PODS_CONFIGURATION_BUILD_DIR}/React-Core/React-Core_privacy.bundle",
				"${PODS_CONFIGURATION_BUILD_DIR}/React-cxxreact/React-cxxreact_privacy.bundle",
				"${PODS_CONFIGURATION_BUILD_DIR}/RevenueCat/RevenueCat.bundle",
				"${PODS_CONFIGURATION_BUILD_DIR}/RevenueCatUI/RevenueCat_RevenueCatUI.bundle",
				"${PODS_CONFIGURATION_BUILD_DIR}/boost/boost_privacy.bundle",
				"${PODS_CONFIGURATION_BUILD_DIR}/glog/glog_privacy.bundle",
			);
			name = "[CP] Copy Pods Resources";
			outputPaths = (
				"${TARGET_BUILD_DIR}/${UNLOCALIZED_RESOURCES_FOLDER_PATH}/EXConstants.bundle",
				"${TARGET_BUILD_DIR}/${UNLOCALIZED_RESOURCES_FOLDER_PATH}/ExpoConstants_privacy.bundle",
				"${TARGET_BUILD_DIR}/${UNLOCALIZED_RESOURCES_FOLDER_PATH}/ExpoDevice_privacy.bundle",
				"${TARGET_BUILD_DIR}/${UNLOCALIZED_RESOURCES_FOLDER_PATH}/ExpoFileSystem_privacy.bundle",
				"${TARGET_BUILD_DIR}/${UNLOCALIZED_RESOURCES_FOLDER_PATH}/ExpoSystemUI_privacy.bundle",
				"${TARGET_BUILD_DIR}/${UNLOCALIZED_RESOURCES_FOLDER_PATH}/PurchasesHybridCommon.bundle",
				"${TARGET_BUILD_DIR}/${UNLOCALIZED_RESOURCES_FOLDER_PATH}/RCT-Folly_privacy.bundle",
				"${TARGET_BUILD_DIR}/${UNLOCALIZED_RESOURCES_FOLDER_PATH}/RNCAsyncStorage_resources.bundle",
				"${TARGET_BUILD_DIR}/${UNLOCALIZED_RESOURCES_FOLDER_PATH}/RNSVGFilters.bundle",
				"${TARGET_BUILD_DIR}/${UNLOCALIZED_RESOURCES_FOLDER_PATH}/React-Core_privacy.bundle",
				"${TARGET_BUILD_DIR}/${UNLOCALIZED_RESOURCES_FOLDER_PATH}/React-cxxreact_privacy.bundle",
				"${TARGET_BUILD_DIR}/${UNLOCALIZED_RESOURCES_FOLDER_PATH}/RevenueCat.bundle",
				"${TARGET_BUILD_DIR}/${UNLOCALIZED_RESOURCES_FOLDER_PATH}/RevenueCat_RevenueCatUI.bundle",
				"${TARGET_BUILD_DIR}/${UNLOCALIZED_RESOURCES_FOLDER_PATH}/boost_privacy.bundle",
				"${TARGET_BUILD_DIR}/${UNLOCALIZED_RESOURCES_FOLDER_PATH}/glog_privacy.bundle",
			);
			runOnlyForDeploymentPostprocessing = 0;
			shellPath = /bin/sh;
			shellScript = "\"${PODS_ROOT}/Target Support Files/Pods-JSONfit/Pods-JSONfit-resources.sh\"\n";
			showEnvVarsInLog = 0;
		};
/* End PBXShellScriptBuildPhase section */

/* Begin PBXSourcesBuildPhase section */
		13B07F871A680F5B00A75B9A /* Sources */ = {
			isa = PBXSourcesBuildPhase;
			buildActionMask = 2147483647;
			files = (
				F11748422D0307B40044C1D9 /* AppDelegate.swift in Sources */,
				79E1713E34935BF91DF5C425 /* ExpoModulesProvider.swift in Sources */,
			);
			runOnlyForDeploymentPostprocessing = 0;
		};
		65869865E6374B93BFBDC831 /* Sources */ = {
			isa = PBXSourcesBuildPhase;
			buildActionMask = 2147483647;
			files = (
				2D3B4873251840148FC31612 /* Color+hex.swift in Sources */,
				FF327DDBDD8144F2A0089518 /* Date+toTimerInterval.swift in Sources */,
				DD56F6B499CB49BEB918851B /* Image+dynamic.swift in Sources */,
				0FC02775F2534B8C849BD56D /* LiveActivityView.swift in Sources */,
				E0599A9674014016979FDD13 /* LiveActivityWidget.swift in Sources */,
				8B36AC2F620A4999A0BE5883 /* LiveActivityWidgetBundle.swift in Sources */,
				A9D3E2EC06874723A4E93A00 /* View+applyIfPresent.swift in Sources */,
				48F0224C74894DBAB4D24453 /* View+applyWidgetURL.swift in Sources */,
				311A822DFC35463798772C02 /* ViewHelpers.swift in Sources */,
			);
			runOnlyForDeploymentPostprocessing = 0;
		};
		383B6FBEDF364E7AB80FCCCB /* Embed Foundation Extensions */ = {
			isa = PBXSourcesBuildPhase;
			buildActionMask = 2147483647;
			files = (
				2D3B4873251840148FC31612 /* "Color+hex.swift" in Sources */,
				FF327DDBDD8144F2A0089518 /* "Date+toTimerInterval.swift" in Sources */,
				DD56F6B499CB49BEB918851B /* "Image+dynamic.swift" in Sources */,
				0FC02775F2534B8C849BD56D /* LiveActivityView.swift in Sources */,
				E0599A9674014016979FDD13 /* LiveActivityWidget.swift in Sources */,
				8B36AC2F620A4999A0BE5883 /* LiveActivityWidgetBundle.swift in Sources */,
				A9D3E2EC06874723A4E93A00 /* "View+applyIfPresent.swift" in Sources */,
				48F0224C74894DBAB4D24453 /* "View+applyWidgetURL.swift" in Sources */,
				311A822DFC35463798772C02 /* ViewHelpers.swift in Sources */,
			);
			runOnlyForDeploymentPostprocessing = 0;
		};
		F2FDD964B40B450B80DE0940 /* Embed Foundation Extensions */ = {
			isa = PBXSourcesBuildPhase;
			buildActionMask = 2147483647;
			files = (
				2D3B4873251840148FC31612 /* "Color+hex.swift" in Sources */,
				FF327DDBDD8144F2A0089518 /* "Date+toTimerInterval.swift" in Sources */,
				DD56F6B499CB49BEB918851B /* "Image+dynamic.swift" in Sources */,
				0FC02775F2534B8C849BD56D /* LiveActivityView.swift in Sources */,
				E0599A9674014016979FDD13 /* LiveActivityWidget.swift in Sources */,
				8B36AC2F620A4999A0BE5883 /* LiveActivityWidgetBundle.swift in Sources */,
				A9D3E2EC06874723A4E93A00 /* "View+applyIfPresent.swift" in Sources */,
				48F0224C74894DBAB4D24453 /* "View+applyWidgetURL.swift" in Sources */,
				311A822DFC35463798772C02 /* ViewHelpers.swift in Sources */,
			);
			runOnlyForDeploymentPostprocessing = 0;
		};
/* End PBXSourcesBuildPhase section */

/* Begin PBXTargetDependency section */
		19A41C28BE2645788BB11306 /* PBXTargetDependency */ = {
			isa = PBXTargetDependency;
			target = F28B5CC6E4BC40888DC00FC2 /* LiveActivity */;
			targetProxy = DBAA8AFE5421471AAFC2F019 /* PBXContainerItemProxy */;
		};
		EE95823E424B4972B4494D71 /* PBXTargetDependency */ = {
			isa = PBXTargetDependency;
			target = F9F10EEC53334AAFB2ECB5D7 /* LiveActivity */;
			targetProxy = EA885D05A35447ECA8CF35CD /* PBXContainerItemProxy */;
		};
		1FC256DEB93F4C088686869F /* PBXTargetDependency */ = {
			isa = PBXTargetDependency;
			target = 8B5C6A0588DC4DE5ADFCEB6D /* LiveActivity */;
			targetProxy = B41D92523CE6463BA65AF785 /* PBXContainerItemProxy */;
		};
/* End PBXTargetDependency section */

/* Begin XCBuildConfiguration section */
		13B07F941A680F5B00A75B9A /* Debug */ = {
			isa = XCBuildConfiguration;
			baseConfigurationReference = 269783752BF9C7DFB8785D8A /* Pods-JSONfit.debug.xcconfig */;
			buildSettings = {
				ASSETCATALOG_COMPILER_APPICON_NAME = AppIcon;
				CLANG_ENABLE_MODULES = YES;
				CODE_SIGN_ENTITLEMENTS = JSONfit/JSONfit.entitlements;
				CURRENT_PROJECT_VERSION = 1;
				ENABLE_BITCODE = NO;
				GCC_PREPROCESSOR_DEFINITIONS = (
					"$(inherited)",
					"FB_SONARKIT_ENABLED=1",
				);
				INFOPLIST_FILE = JSONfit/Info.plist;
				IPHONEOS_DEPLOYMENT_TARGET = 15.1;
				LD_RUNPATH_SEARCH_PATHS = (
					"$(inherited)",
					"@executable_path/Frameworks",
				);
				MARKETING_VERSION = 1.0;
				OTHER_LDFLAGS = (
					"$(inherited)",
					"-ObjC",
					"-lc++",
				);
				OTHER_SWIFT_FLAGS = "$(inherited) -D EXPO_CONFIGURATION_DEBUG";
				PRODUCT_BUNDLE_IDENTIFIER = com.RyanNovinc.JSON;
				PRODUCT_NAME = "JSONfit";
				SWIFT_OBJC_BRIDGING_HEADER = "JSONfit/JSONfit-Bridging-Header.h";
				SWIFT_OPTIMIZATION_LEVEL = "-Onone";
				SWIFT_VERSION = 5.0;
				TARGETED_DEVICE_FAMILY = "1,2";
				VERSIONING_SYSTEM = "apple-generic";
			};
			name = Debug;
		};
		13B07F951A680F5B00A75B9A /* Release */ = {
			isa = XCBuildConfiguration;
			baseConfigurationReference = 9DD676E34D0CAE811ADC3E1B /* Pods-JSONfit.release.xcconfig */;
			buildSettings = {
				ASSETCATALOG_COMPILER_APPICON_NAME = AppIcon;
				CLANG_ENABLE_MODULES = YES;
				CODE_SIGN_ENTITLEMENTS = JSONfit/JSONfit.entitlements;
				CURRENT_PROJECT_VERSION = 1;
				INFOPLIST_FILE = JSONfit/Info.plist;
				IPHONEOS_DEPLOYMENT_TARGET = 15.1;
				LD_RUNPATH_SEARCH_PATHS = (
					"$(inherited)",
					"@executable_path/Frameworks",
				);
				MARKETING_VERSION = 1.0;
				OTHER_LDFLAGS = (
					"$(inherited)",
					"-ObjC",
					"-lc++",
				);
				OTHER_SWIFT_FLAGS = "$(inherited) -D EXPO_CONFIGURATION_RELEASE";
				PRODUCT_BUNDLE_IDENTIFIER = com.RyanNovinc.JSON;
				PRODUCT_NAME = "JSONfit";
				SWIFT_OBJC_BRIDGING_HEADER = "JSONfit/JSONfit-Bridging-Header.h";
				SWIFT_VERSION = 5.0;
				TARGETED_DEVICE_FAMILY = "1,2";
				VERSIONING_SYSTEM = "apple-generic";
			};
			name = Release;
		};
		83CBBA201A601CBA00E9B192 /* Debug */ = {
			isa = XCBuildConfiguration;
			buildSettings = {
				ALWAYS_SEARCH_USER_PATHS = NO;
				CLANG_ANALYZER_LOCALIZABILITY_NONLOCALIZED = YES;
				CLANG_CXX_LANGUAGE_STANDARD = "c++20";
				CLANG_CXX_LIBRARY = "libc++";
				CLANG_ENABLE_MODULES = YES;
				CLANG_ENABLE_OBJC_ARC = YES;
				CLANG_WARN_BLOCK_CAPTURE_AUTORELEASING = YES;
				CLANG_WARN_BOOL_CONVERSION = YES;
				CLANG_WARN_COMMA = YES;
				CLANG_WARN_CONSTANT_CONVERSION = YES;
				CLANG_WARN_DEPRECATED_OBJC_IMPLEMENTATIONS = YES;
				CLANG_WARN_DIRECT_OBJC_ISA_USAGE = YES_ERROR;
				CLANG_WARN_EMPTY_BODY = YES;
				CLANG_WARN_ENUM_CONVERSION = YES;
				CLANG_WARN_INFINITE_RECURSION = YES;
				CLANG_WARN_INT_CONVERSION = YES;
				CLANG_WARN_NON_LITERAL_NULL_CONVERSION = YES;
				CLANG_WARN_OBJC_IMPLICIT_RETAIN_SELF = YES;
				CLANG_WARN_OBJC_LITERAL_CONVERSION = YES;
				CLANG_WARN_OBJC_ROOT_CLASS = YES_ERROR;
				CLANG_WARN_RANGE_LOOP_ANALYSIS = YES;
				CLANG_WARN_STRICT_PROTOTYPES = YES;
				CLANG_WARN_SUSPICIOUS_MOVE = YES;
				CLANG_WARN_UNREACHABLE_CODE = YES;
				CLANG_WARN__DUPLICATE_METHOD_MATCH = YES;
				"CODE_SIGN_IDENTITY[sdk=iphoneos*]" = "iPhone Developer";
				COPY_PHASE_STRIP = NO;
				ENABLE_STRICT_OBJC_MSGSEND = YES;
				ENABLE_TESTABILITY = YES;
				GCC_C_LANGUAGE_STANDARD = gnu99;
				GCC_DYNAMIC_NO_PIC = NO;
				GCC_NO_COMMON_BLOCKS = YES;
				GCC_OPTIMIZATION_LEVEL = 0;
				GCC_PREPROCESSOR_DEFINITIONS = (
					"DEBUG=1",
					"$(inherited)",
				);
				GCC_SYMBOLS_PRIVATE_EXTERN = NO;
				GCC_WARN_64_TO_32_BIT_CONVERSION = YES;
				GCC_WARN_ABOUT_RETURN_TYPE = YES_ERROR;
				GCC_WARN_UNDECLARED_SELECTOR = YES;
				GCC_WARN_UNINITIALIZED_AUTOS = YES_AGGRESSIVE;
				GCC_WARN_UNUSED_FUNCTION = YES;
				GCC_WARN_UNUSED_VARIABLE = YES;
				IPHONEOS_DEPLOYMENT_TARGET = 15.1;
				LD_RUNPATH_SEARCH_PATHS = (
					/usr/lib/swift,
					"$(inherited)",
				);
				LIBRARY_SEARCH_PATHS = "$(SDKROOT)/usr/lib/swift\"$(inherited)\"";
				MTL_ENABLE_DEBUG_INFO = YES;
				ONLY_ACTIVE_ARCH = YES;
				REACT_NATIVE_PATH = "${PODS_ROOT}/../../node_modules/react-native";
				SDKROOT = iphoneos;
				SWIFT_ACTIVE_COMPILATION_CONDITIONS = "$(inherited) DEBUG";
				USE_HERMES = true;
			};
			name = Debug;
		};
		83CBBA211A601CBA00E9B192 /* Release */ = {
			isa = XCBuildConfiguration;
			buildSettings = {
				ALWAYS_SEARCH_USER_PATHS = NO;
				CLANG_ANALYZER_LOCALIZABILITY_NONLOCALIZED = YES;
				CLANG_CXX_LANGUAGE_STANDARD = "c++20";
				CLANG_CXX_LIBRARY = "libc++";
				CLANG_ENABLE_MODULES = YES;
				CLANG_ENABLE_OBJC_ARC = YES;
				CLANG_WARN_BLOCK_CAPTURE_AUTORELEASING = YES;
				CLANG_WARN_BOOL_CONVERSION = YES;
				CLANG_WARN_COMMA = YES;
				CLANG_WARN_CONSTANT_CONVERSION = YES;
				CLANG_WARN_DEPRECATED_OBJC_IMPLEMENTATIONS = YES;
				CLANG_WARN_DIRECT_OBJC_ISA_USAGE = YES_ERROR;
				CLANG_WARN_EMPTY_BODY = YES;
				CLANG_WARN_ENUM_CONVERSION = YES;
				CLANG_WARN_INFINITE_RECURSION = YES;
				CLANG_WARN_INT_CONVERSION = YES;
				CLANG_WARN_NON_LITERAL_NULL_CONVERSION = YES;
				CLANG_WARN_OBJC_IMPLICIT_RETAIN_SELF = YES;
				CLANG_WARN_OBJC_LITERAL_CONVERSION = YES;
				CLANG_WARN_OBJC_ROOT_CLASS = YES_ERROR;
				CLANG_WARN_RANGE_LOOP_ANALYSIS = YES;
				CLANG_WARN_STRICT_PROTOTYPES = YES;
				CLANG_WARN_SUSPICIOUS_MOVE = YES;
				CLANG_WARN_UNREACHABLE_CODE = YES;
				CLANG_WARN__DUPLICATE_METHOD_MATCH = YES;
				"CODE_SIGN_IDENTITY[sdk=iphoneos*]" = "iPhone Developer";
				COPY_PHASE_STRIP = YES;
				ENABLE_NS_ASSERTIONS = NO;
				ENABLE_STRICT_OBJC_MSGSEND = YES;
				GCC_C_LANGUAGE_STANDARD = gnu99;
				GCC_NO_COMMON_BLOCKS = YES;
				GCC_WARN_64_TO_32_BIT_CONVERSION = YES;
				GCC_WARN_ABOUT_RETURN_TYPE = YES_ERROR;
				GCC_WARN_UNDECLARED_SELECTOR = YES;
				GCC_WARN_UNINITIALIZED_AUTOS = YES_AGGRESSIVE;
				GCC_WARN_UNUSED_FUNCTION = YES;
				GCC_WARN_UNUSED_VARIABLE = YES;
				IPHONEOS_DEPLOYMENT_TARGET = 15.1;
				LD_RUNPATH_SEARCH_PATHS = (
					/usr/lib/swift,
					"$(inherited)",
				);
				LIBRARY_SEARCH_PATHS = "$(SDKROOT)/usr/lib/swift\"$(inherited)\"";
				MTL_ENABLE_DEBUG_INFO = NO;
				REACT_NATIVE_PATH = "${PODS_ROOT}/../../node_modules/react-native";
				SDKROOT = iphoneos;
				USE_HERMES = true;
				VALIDATE_PRODUCT = YES;
			};
			name = Release;
		};
		8BD4852391114DDFB0676DDD /* Release */ = {
			isa = XCBuildConfiguration;
			buildSettings = {
				APPLICATION_EXTENSION_API_ONLY = YES;
				CODE_SIGN_ENTITLEMENTS = LiveActivity/LiveActivity.entitlements;
				CURRENT_PROJECT_VERSION = 7;
				GENERATE_INFOPLIST_FILE = YES;
				INFOPLIST_FILE = LiveActivity/Info.plist;
				INFOPLIST_KEY_CFBundleDisplayName = LiveActivity;
				INFOPLIST_KEY_NSHumanReadableCopyright = "";
				IPHONEOS_DEPLOYMENT_TARGET = 16.2;
				MARKETING_VERSION = 1.0.7;
				OTHER_SWIFT_FLAGS = "$(inherited) -D EXPO_CONFIGURATION_RELEASE";
				PRODUCT_BUNDLE_IDENTIFIER = com.RyanNovinc.JSON.LiveActivity;
				PRODUCT_NAME = "$(TARGET_NAME)";
				SWIFT_OPTIMIZATION_LEVEL = "-Onone";
				SWIFT_VERSION = 5.0;
				TARGETED_DEVICE_FAMILY = "1,2";
			};
			name = Release;
		};
		EE02231F289B4065A7B541F6 /* Debug */ = {
			isa = XCBuildConfiguration;
			buildSettings = {
				APPLICATION_EXTENSION_API_ONLY = YES;
				CODE_SIGN_ENTITLEMENTS = LiveActivity/LiveActivity.entitlements;
				CURRENT_PROJECT_VERSION = 7;
				GENERATE_INFOPLIST_FILE = YES;
				INFOPLIST_FILE = LiveActivity/Info.plist;
				INFOPLIST_KEY_CFBundleDisplayName = LiveActivity;
				INFOPLIST_KEY_NSHumanReadableCopyright = "";
				IPHONEOS_DEPLOYMENT_TARGET = 16.2;
				MARKETING_VERSION = 1.0.7;
				OTHER_SWIFT_FLAGS = "$(inherited) -D EXPO_CONFIGURATION_DEBUG";
				PRODUCT_BUNDLE_IDENTIFIER = com.RyanNovinc.JSON.LiveActivity;
				PRODUCT_NAME = "$(TARGET_NAME)";
				SWIFT_OPTIMIZATION_LEVEL = "-Onone";
				SWIFT_VERSION = 5.0;
				TARGETED_DEVICE_FAMILY = "1,2";
			};
			name = Debug;
		};
		DE94D8B5D758410EB3321FEC /* Debug */ = {
			name = Debug;
			isa = XCBuildConfiguration;
			buildSettings = {
				PRODUCT_NAME = "$(TARGET_NAME)";
				SWIFT_VERSION = 5.0;
				TARGETED_DEVICE_FAMILY = "1,2";
				INFOPLIST_FILE = LiveActivity/Info.plist;
				CURRENT_PROJECT_VERSION = "7";
				IPHONEOS_DEPLOYMENT_TARGET = "16.2";
				PRODUCT_BUNDLE_IDENTIFIER = "com.RyanNovinc.JSON.LiveActivity";
				GENERATE_INFOPLIST_FILE = "YES";
				INFOPLIST_KEY_CFBundleDisplayName = LiveActivity;
				INFOPLIST_KEY_NSHumanReadableCopyright = "";
				MARKETING_VERSION = "1.0.7";
				SWIFT_OPTIMIZATION_LEVEL = "-Onone";
				CODE_SIGN_ENTITLEMENTS = "LiveActivity/LiveActivity.entitlements";
				APPLICATION_EXTENSION_API_ONLY = "YES";
			};
		};
		C0973F0F0BC8407E861493F3 /* Release */ = {
			name = Release;
			isa = XCBuildConfiguration;
			buildSettings = {
				PRODUCT_NAME = "$(TARGET_NAME)";
				SWIFT_VERSION = 5.0;
				TARGETED_DEVICE_FAMILY = "1,2";
				INFOPLIST_FILE = LiveActivity/Info.plist;
				CURRENT_PROJECT_VERSION = "7";
				IPHONEOS_DEPLOYMENT_TARGET = "16.2";
				PRODUCT_BUNDLE_IDENTIFIER = "com.RyanNovinc.JSON.LiveActivity";
				GENERATE_INFOPLIST_FILE = "YES";
				INFOPLIST_KEY_CFBundleDisplayName = LiveActivity;
				INFOPLIST_KEY_NSHumanReadableCopyright = "";
				MARKETING_VERSION = "1.0.7";
				SWIFT_OPTIMIZATION_LEVEL = "-Onone";
				CODE_SIGN_ENTITLEMENTS = "LiveActivity/LiveActivity.entitlements";
				APPLICATION_EXTENSION_API_ONLY = "YES";
			};
		};
		AD791DFD438741BEBFA0A5FB /* Debug */ = {
			name = Debug;
			isa = XCBuildConfiguration;
			buildSettings = {
				PRODUCT_NAME = "$(TARGET_NAME)";
				SWIFT_VERSION = 5.0;
				TARGETED_DEVICE_FAMILY = "1,2";
				INFOPLIST_FILE = LiveActivity/Info.plist;
				CURRENT_PROJECT_VERSION = "7";
				IPHONEOS_DEPLOYMENT_TARGET = "16.2";
				PRODUCT_BUNDLE_IDENTIFIER = "com.RyanNovinc.JSON.LiveActivity";
				GENERATE_INFOPLIST_FILE = "YES";
				INFOPLIST_KEY_CFBundleDisplayName = LiveActivity;
				INFOPLIST_KEY_NSHumanReadableCopyright = "";
				MARKETING_VERSION = "1.0.7";
				SWIFT_OPTIMIZATION_LEVEL = "-Onone";
				CODE_SIGN_ENTITLEMENTS = "LiveActivity/LiveActivity.entitlements";
				APPLICATION_EXTENSION_API_ONLY = "YES";
			};
		};
		55E216BB03E34D94857CE067 /* Release */ = {
			name = Release;
			isa = XCBuildConfiguration;
			buildSettings = {
				PRODUCT_NAME = "$(TARGET_NAME)";
				SWIFT_VERSION = 5.0;
				TARGETED_DEVICE_FAMILY = "1,2";
				INFOPLIST_FILE = LiveActivity/Info.plist;
				CURRENT_PROJECT_VERSION = "7";
				IPHONEOS_DEPLOYMENT_TARGET = "16.2";
				PRODUCT_BUNDLE_IDENTIFIER = "com.RyanNovinc.JSON.LiveActivity";
				GENERATE_INFOPLIST_FILE = "YES";
				INFOPLIST_KEY_CFBundleDisplayName = LiveActivity;
				INFOPLIST_KEY_NSHumanReadableCopyright = "";
				MARKETING_VERSION = "1.0.7";
				SWIFT_OPTIMIZATION_LEVEL = "-Onone";
				CODE_SIGN_ENTITLEMENTS = "LiveActivity/LiveActivity.entitlements";
				APPLICATION_EXTENSION_API_ONLY = "YES";
			};
		};
/* End XCBuildConfiguration section */

/* Begin XCConfigurationList section */
		13B07F931A680F5B00A75B9A /* Build configuration list for PBXNativeTarget "JSONfit" */ = {
			isa = XCConfigurationList;
			buildConfigurations = (
				13B07F941A680F5B00A75B9A /* Debug */,
				13B07F951A680F5B00A75B9A /* Release */,
			);
			defaultConfigurationIsVisible = 0;
			defaultConfigurationName = Release;
		};
		3EABFCACBC9F411AACFC24F7 /* Build configuration list for PBXNativeTarget "LiveActivity" */ = {
			isa = XCConfigurationList;
			buildConfigurations = (
				EE02231F289B4065A7B541F6 /* Debug */,
				8BD4852391114DDFB0676DDD /* Release */,
			);
			defaultConfigurationIsVisible = 0;
			defaultConfigurationName = Release;
		};
		83CBB9FA1A601CBA00E9B192 /* Build configuration list for PBXProject "JSONfit" */ = {
			isa = XCConfigurationList;
			buildConfigurations = (
				83CBBA201A601CBA00E9B192 /* Debug */,
				83CBBA211A601CBA00E9B192 /* Release */,
			);
			defaultConfigurationIsVisible = 0;
			defaultConfigurationName = Release;
		};
		75BB65AD753345F59559A929 /* Build configuration list for PBXNativeTarget "LiveActivity" */ = {
			isa = XCConfigurationList;
			buildConfigurations = (
				DE94D8B5D758410EB3321FEC /* Debug */,
				C0973F0F0BC8407E861493F3 /* Release */,
			);
			defaultConfigurationIsVisible = 0;
			defaultConfigurationName = Release;
		};
		D672AD6007084E68BF9DA109 /* Build configuration list for PBXNativeTarget "LiveActivity" */ = {
			isa = XCConfigurationList;
			buildConfigurations = (
				AD791DFD438741BEBFA0A5FB /* Debug */,
				55E216BB03E34D94857CE067 /* Release */,
			);
			defaultConfigurationIsVisible = 0;
			defaultConfigurationName = Release;
		};
/* End XCConfigurationList section */
	};
	rootObject = 83CBB9F71A601CBA00E9B192 /* Project object */;
}
