// !$*UTF8*$!
{
	archiveVersion = 1;
	classes = {
	};
	objectVersion = 54;
	objects = {

/* Begin PBXBuildFile section */
		13B07FBF1A68108700A75B9A /* Images.xcassets in Resources */ = {isa = PBXBuildFile; fileRef = 13B07FB51A68108700A75B9A /* Images.xcassets */; };
		3E461D99554A48A4959DE609 /* SplashScreen.storyboard in Resources */ = {isa = PBXBuildFile; fileRef = AA286B85B6C04FC6940260E9 /* SplashScreen.storyboard */; };
		BB2F792D24A3F905000567C9 /* Expo.plist in Resources */ = {isa = PBXBuildFile; fileRef = BB2F792C24A3F905000567C9 /* Expo.plist */; };
		F11748422D0307B40044C1D9 /* AppDelegate.swift in Sources */ = {isa = PBXBuildFile; fileRef = F11748412D0307B40044C1D9 /* AppDelegate.swift */; };
		8D946FBFA41447CDA744F505 /* Color+hex.swift in Sources */ = {isa = PBXBuildFile; fileRef = E6EAC80D1D124B18BD3CAF2B /* Color+hex.swift */; };
		FBBB6AA1EB3D4581AFCAE8FC /* Date+toTimerInterval.swift in Sources */ = {isa = PBXBuildFile; fileRef = F93F040635AF46C4A78918DD /* Date+toTimerInterval.swift */; };
		F0F2E5A7E7D14D4692EFD3AD /* Image+dynamic.swift in Sources */ = {isa = PBXBuildFile; fileRef = 6BF5D729221E4E5A93F4BE44 /* Image+dynamic.swift */; };
		4D1F03B35E814E7189FF8F6A /* LiveActivityView.swift in Sources */ = {isa = PBXBuildFile; fileRef = 77B1D07FED8F4D19A4FA304D /* LiveActivityView.swift */; };
		39672FC030B34504BF6FCBD6 /* LiveActivityWidget.swift in Sources */ = {isa = PBXBuildFile; fileRef = 7A2FFD83C0EB4FC2990E23A5 /* LiveActivityWidget.swift */; };
		7DEB5292391A444AA471A1F0 /* LiveActivityWidgetBundle.swift in Sources */ = {isa = PBXBuildFile; fileRef = E35C8E2B981248EEAF8A382C /* LiveActivityWidgetBundle.swift */; };
		DB761400F8974B88B9E08476 /* View+applyIfPresent.swift in Sources */ = {isa = PBXBuildFile; fileRef = 3EE5DB873FD042948364289E /* View+applyIfPresent.swift */; };
		AF5604C1B57047278D737657 /* View+applyWidgetURL.swift in Sources */ = {isa = PBXBuildFile; fileRef = 2E100A5411A6401997A978AC /* View+applyWidgetURL.swift */; };
		59E7F359B7CC477EA6F0D88D /* ViewHelpers.swift in Sources */ = {isa = PBXBuildFile; fileRef = 2C19E16092484114A7217E13 /* ViewHelpers.swift */; };
		5B81EC7D6D8A445E9ED08DEF /* LiveActivity.appex in Embed Foundation Extensions */ = {isa = PBXBuildFile; fileRef = 88FF6A8C22444639BCC23C7D /* LiveActivity.appex */; };
		70ED7B72FEA54DC2AC7C9551 /* Assets.xcassets in Resources */ = {isa = PBXBuildFile; fileRef = BD1E65A5EB344C989A9A23BD /* Assets.xcassets */; };
		4E853B0727D1486DB653B1FA /* Info.plist in Resources */ = {isa = PBXBuildFile; fileRef = 0FFF9FFD10734E4F916D7305 /* Info.plist */; };
		E5D034B2692F43B186EFFDFD /* LiveActivity.entitlements in Resources */ = {isa = PBXBuildFile; fileRef = D6D8849D7906443E8329B697 /* LiveActivity.entitlements */; };
/* End PBXBuildFile section */

/* Begin PBXFileReference section */
		13B07F961A680F5B00A75B9A /* JSONfit.app */ = {isa = PBXFileReference; explicitFileType = wrapper.application; includeInIndex = 0; path = JSONfit.app; sourceTree = BUILT_PRODUCTS_DIR; };
		13B07FB51A68108700A75B9A /* Images.xcassets */ = {isa = PBXFileReference; lastKnownFileType = folder.assetcatalog; name = Images.xcassets; path = JSONfit/Images.xcassets; sourceTree = "<group>"; };
		13B07FB61A68108700A75B9A /* Info.plist */ = {isa = PBXFileReference; fileEncoding = 4; lastKnownFileType = text.plist.xml; name = Info.plist; path = JSONfit/Info.plist; sourceTree = "<group>"; };
		AA286B85B6C04FC6940260E9 /* SplashScreen.storyboard */ = {isa = PBXFileReference; fileEncoding = 4; lastKnownFileType = file.storyboard; name = SplashScreen.storyboard; path = JSONfit/SplashScreen.storyboard; sourceTree = "<group>"; };
		BB2F792C24A3F905000567C9 /* Expo.plist */ = {isa = PBXFileReference; fileEncoding = 4; lastKnownFileType = text.plist.xml; path = Expo.plist; sourceTree = "<group>"; };
		ED297162215061F000B7C4FE /* JavaScriptCore.framework */ = {isa = PBXFileReference; lastKnownFileType = wrapper.framework; name = JavaScriptCore.framework; path = System/Library/Frameworks/JavaScriptCore.framework; sourceTree = SDKROOT; };
		F11748412D0307B40044C1D9 /* AppDelegate.swift */ = {isa = PBXFileReference; lastKnownFileType = sourcecode.swift; name = AppDelegate.swift; path = JSONfit/AppDelegate.swift; sourceTree = "<group>"; };
		F11748442D0722820044C1D9 /* JSONfit-Bridging-Header.h */ = {isa = PBXFileReference; lastKnownFileType = sourcecode.c.h; name = "JSONfit-Bridging-Header.h"; path = "JSONfit/JSONfit-Bridging-Header.h"; sourceTree = "<group>"; };
		88FF6A8C22444639BCC23C7D /* LiveActivity.appex */ = {isa = PBXFileReference; name = "LiveActivity.appex"; path = "LiveActivity.appex"; sourceTree = BUILT_PRODUCTS_DIR; fileEncoding = undefined; lastKnownFileType = undefined; explicitFileType = wrapper.app-extension; includeInIndex = 0; };
		E6EAC80D1D124B18BD3CAF2B /* Color+hex.swift */ = {isa = PBXFileReference; name = "Color+hex.swift"; path = "Color+hex.swift"; sourceTree = "<group>"; fileEncoding = 4; lastKnownFileType = sourcecode.swift; explicitFileType = undefined; includeInIndex = 0; };
		F93F040635AF46C4A78918DD /* Date+toTimerInterval.swift */ = {isa = PBXFileReference; name = "Date+toTimerInterval.swift"; path = "Date+toTimerInterval.swift"; sourceTree = "<group>"; fileEncoding = 4; lastKnownFileType = sourcecode.swift; explicitFileType = undefined; includeInIndex = 0; };
		6BF5D729221E4E5A93F4BE44 /* Image+dynamic.swift */ = {isa = PBXFileReference; name = "Image+dynamic.swift"; path = "Image+dynamic.swift"; sourceTree = "<group>"; fileEncoding = 4; lastKnownFileType = sourcecode.swift; explicitFileType = undefined; includeInIndex = 0; };
		77B1D07FED8F4D19A4FA304D /* LiveActivityView.swift */ = {isa = PBXFileReference; name = "LiveActivityView.swift"; path = "LiveActivityView.swift"; sourceTree = "<group>"; fileEncoding = 4; lastKnownFileType = sourcecode.swift; explicitFileType = undefined; includeInIndex = 0; };
		7A2FFD83C0EB4FC2990E23A5 /* LiveActivityWidget.swift */ = {isa = PBXFileReference; name = "LiveActivityWidget.swift"; path = "LiveActivityWidget.swift"; sourceTree = "<group>"; fileEncoding = 4; lastKnownFileType = sourcecode.swift; explicitFileType = undefined; includeInIndex = 0; };
		E35C8E2B981248EEAF8A382C /* LiveActivityWidgetBundle.swift */ = {isa = PBXFileReference; name = "LiveActivityWidgetBundle.swift"; path = "LiveActivityWidgetBundle.swift"; sourceTree = "<group>"; fileEncoding = 4; lastKnownFileType = sourcecode.swift; explicitFileType = undefined; includeInIndex = 0; };
		3EE5DB873FD042948364289E /* View+applyIfPresent.swift */ = {isa = PBXFileReference; name = "View+applyIfPresent.swift"; path = "View+applyIfPresent.swift"; sourceTree = "<group>"; fileEncoding = 4; lastKnownFileType = sourcecode.swift; explicitFileType = undefined; includeInIndex = 0; };
		2E100A5411A6401997A978AC /* View+applyWidgetURL.swift */ = {isa = PBXFileReference; name = "View+applyWidgetURL.swift"; path = "View+applyWidgetURL.swift"; sourceTree = "<group>"; fileEncoding = 4; lastKnownFileType = sourcecode.swift; explicitFileType = undefined; includeInIndex = 0; };
		2C19E16092484114A7217E13 /* ViewHelpers.swift */ = {isa = PBXFileReference; name = "ViewHelpers.swift"; path = "ViewHelpers.swift"; sourceTree = "<group>"; fileEncoding = 4; lastKnownFileType = sourcecode.swift; explicitFileType = undefined; includeInIndex = 0; };
		BD1E65A5EB344C989A9A23BD /* Assets.xcassets */ = {isa = PBXFileReference; name = "Assets.xcassets"; path = "Assets.xcassets"; sourceTree = "<group>"; fileEncoding = undefined; lastKnownFileType = folder.assetcatalog; explicitFileType = undefined; includeInIndex = 0; };
		0FFF9FFD10734E4F916D7305 /* Info.plist */ = {isa = PBXFileReference; name = "Info.plist"; path = "Info.plist"; sourceTree = "<group>"; fileEncoding = 4; lastKnownFileType = text.plist.xml; explicitFileType = undefined; includeInIndex = 0; };
		D6D8849D7906443E8329B697 /* LiveActivity.entitlements */ = {isa = PBXFileReference; name = "LiveActivity.entitlements"; path = "LiveActivity.entitlements"; sourceTree = "<group>"; fileEncoding = undefined; lastKnownFileType = unknown; explicitFileType = undefined; includeInIndex = 0; };
/* End PBXFileReference section */

/* Begin PBXFrameworksBuildPhase section */
		13B07F8C1A680F5B00A75B9A /* Frameworks */ = {
			isa = PBXFrameworksBuildPhase;
			buildActionMask = 2147483647;
			files = (
			);
			runOnlyForDeploymentPostprocessing = 0;
		};
		3FAA58BF7258486FBC1D4881 /* Embed Foundation Extensions */ = {
			isa = PBXFrameworksBuildPhase;
			buildActionMask = 2147483647;
			files = (
			);
			runOnlyForDeploymentPostprocessing = 0;
		};
/* End PBXFrameworksBuildPhase section */

/* Begin PBXGroup section */
		13B07FAE1A68108700A75B9A /* JSONfit */ = {
			isa = PBXGroup;
			children = (
				F11748412D0307B40044C1D9 /* AppDelegate.swift */,
				F11748442D0722820044C1D9 /* JSONfit-Bridging-Header.h */,
				BB2F792B24A3F905000567C9 /* Supporting */,
				13B07FB51A68108700A75B9A /* Images.xcassets */,
				13B07FB61A68108700A75B9A /* Info.plist */,
				AA286B85B6C04FC6940260E9 /* SplashScreen.storyboard */,
			);
			name = JSONfit;
			sourceTree = "<group>";
		};
		2D16E6871FA4F8E400B85C8A /* Frameworks */ = {
			isa = PBXGroup;
			children = (
				ED297162215061F000B7C4FE /* JavaScriptCore.framework */,
			);
			name = Frameworks;
			sourceTree = "<group>";
		};
		832341AE1AAA6A7D00B99B32 /* Libraries */ = {
			isa = PBXGroup;
			children = (
			);
			name = Libraries;
			sourceTree = "<group>";
		};
		83CBB9F61A601CBA00E9B192 = {
			isa = PBXGroup;
			children = (
				13B07FAE1A68108700A75B9A /* JSONfit */,
				832341AE1AAA6A7D00B99B32 /* Libraries */,
				83CBBA001A601CBA00E9B192 /* Products */,
				2D16E6871FA4F8E400B85C8A /* Frameworks */,
				74727086264A4568B80A8A24 /* LiveActivity */,
			);
			indentWidth = 2;
			sourceTree = "<group>";
			tabWidth = 2;
			usesTabs = 0;
		};
		83CBBA001A601CBA00E9B192 /* Products */ = {
			isa = PBXGroup;
			children = (
				13B07F961A680F5B00A75B9A /* JSONfit.app */,
				88FF6A8C22444639BCC23C7D /* LiveActivity.appex */,
			);
			name = Products;
			sourceTree = "<group>";
		};
		BB2F792B24A3F905000567C9 /* Supporting */ = {
			isa = PBXGroup;
			children = (
				BB2F792C24A3F905000567C9 /* Expo.plist */,
			);
			name = Supporting;
			path = JSONfit/Supporting;
			sourceTree = "<group>";
		};
		74727086264A4568B80A8A24 /* LiveActivity */ = {
			isa = PBXGroup;
			children = (
				E6EAC80D1D124B18BD3CAF2B /* Color+hex.swift */,
				F93F040635AF46C4A78918DD /* Date+toTimerInterval.swift */,
				6BF5D729221E4E5A93F4BE44 /* Image+dynamic.swift */,
				77B1D07FED8F4D19A4FA304D /* LiveActivityView.swift */,
				7A2FFD83C0EB4FC2990E23A5 /* LiveActivityWidget.swift */,
				E35C8E2B981248EEAF8A382C /* LiveActivityWidgetBundle.swift */,
				3EE5DB873FD042948364289E /* View+applyIfPresent.swift */,
				2E100A5411A6401997A978AC /* View+applyWidgetURL.swift */,
				2C19E16092484114A7217E13 /* ViewHelpers.swift */,
				0FFF9FFD10734E4F916D7305 /* Info.plist */,
				BD1E65A5EB344C989A9A23BD /* Assets.xcassets */,
				D6D8849D7906443E8329B697 /* LiveActivity.entitlements */,
			);
			name = LiveActivity;
			path = LiveActivity;
			sourceTree = "<group>";
		};
/* End PBXGroup section */

/* Begin PBXNativeTarget section */
		13B07F861A680F5B00A75B9A /* JSONfit */ = {
			isa = PBXNativeTarget;
			buildConfigurationList = 13B07F931A680F5B00A75B9A /* Build configuration list for PBXNativeTarget "JSONfit" */;
			buildPhases = (
				08A4A3CD28434E44B6B9DE2E /* [CP] Check Pods Manifest.lock */,
				13B07F871A680F5B00A75B9A /* Sources */,
				13B07F8C1A680F5B00A75B9A /* Frameworks */,
				13B07F8E1A680F5B00A75B9A /* Resources */,
				00DD1BFF1BD5951E006B06BC /* Bundle React Native code and images */,
				800E24972A6A228C8D4807E9 /* [CP] Copy Pods Resources */,
				16D830E2079E41599AF046EA /* Embed Foundation Extensions */,
			);
			buildRules = (
			);
			dependencies = (
				73E58E022D3F43F4B01F7106 /* PBXTargetDependency */,
			);
			name = JSONfit;
			productName = JSONfit;
			productReference = 13B07F961A680F5B00A75B9A /* JSONfit.app */;
			productType = "com.apple.product-type.application";
		};
		A7D6DC294E504DA5B2E3609E /* LiveActivity */ = {
			isa = PBXNativeTarget;
			name = LiveActivity;
			productName = LiveActivity;
			productReference = 88FF6A8C22444639BCC23C7D;
			productType = "com.apple.product-type.app-extension";
			buildConfigurationList = 669F6D3E0E2445BA93CC0699;
			buildPhases = (
				BD66D0F2A8654D9389DA57C0 /* Embed Foundation Extensions */,
				3FAA58BF7258486FBC1D4881 /* Embed Foundation Extensions */,
				FB03844BAF374760AEAB9A4F /* Embed Foundation Extensions */,
			);
			buildRules = (
			);
			dependencies = (
			);
		};
/* End PBXNativeTarget section */

/* Begin PBXProject section */
		83CBB9F71A601CBA00E9B192 /* Project object */ = {
			isa = PBXProject;
			attributes = {
				LastUpgradeCheck = 1130;
				TargetAttributes = {
					13B07F861A680F5B00A75B9A = {
						LastSwiftMigration = 1250;
					};
					A7D6DC294E504DA5B2E3609E = {
						LastSwiftMigration = 1250;
					};
				};
			};
			buildConfigurationList = 83CBB9FA1A601CBA00E9B192 /* Build configuration list for PBXProject "JSONfit" */;
			compatibilityVersion = "Xcode 3.2";
			developmentRegion = en;
			hasScannedForEncodings = 0;
			knownRegions = (
				en,
				Base,
			);
			mainGroup = 83CBB9F61A601CBA00E9B192;
			productRefGroup = 83CBBA001A601CBA00E9B192 /* Products */;
			projectDirPath = "";
			projectRoot = "";
			targets = (
				13B07F861A680F5B00A75B9A /* JSONfit */,
				A7D6DC294E504DA5B2E3609E /* LiveActivity */,
			);
		};
/* End PBXProject section */

/* Begin PBXResourcesBuildPhase section */
		13B07F8E1A680F5B00A75B9A /* Resources */ = {
			isa = PBXResourcesBuildPhase;
			buildActionMask = 2147483647;
			files = (
				BB2F792D24A3F905000567C9 /* Expo.plist in Resources */,
				13B07FBF1A68108700A75B9A /* Images.xcassets in Resources */,
				3E461D99554A48A4959DE609 /* SplashScreen.storyboard in Resources */,
			);
			runOnlyForDeploymentPostprocessing = 0;
		};
		FB03844BAF374760AEAB9A4F /* Embed Foundation Extensions */ = {
			isa = PBXResourcesBuildPhase;
			buildActionMask = 2147483647;
			files = (
				70ED7B72FEA54DC2AC7C9551 /* Assets.xcassets in Resources */,
			);
			runOnlyForDeploymentPostprocessing = 0;
		};
/* End PBXResourcesBuildPhase section */

/* Begin PBXShellScriptBuildPhase section */
		00DD1BFF1BD5951E006B06BC /* Bundle React Native code and images */ = {
			isa = PBXShellScriptBuildPhase;
			alwaysOutOfDate = 1;
			buildActionMask = 2147483647;
			files = (
			);
			inputPaths = (
				"$(SRCROOT)/.xcode.env",
				"$(SRCROOT)/.xcode.env.local",
			);
			name = "Bundle React Native code and images";
			outputPaths = (
			);
			runOnlyForDeploymentPostprocessing = 0;
			shellPath = /bin/sh;
			shellScript = "if [[ -f \"$PODS_ROOT/../.xcode.env\" ]]; then\n  source \"$PODS_ROOT/../.xcode.env\"\nfi\nif [[ -f \"$PODS_ROOT/../.xcode.env.local\" ]]; then\n  source \"$PODS_ROOT/../.xcode.env.local\"\nfi\n\n# The project root by default is one level up from the ios directory\nexport PROJECT_ROOT=\"$PROJECT_DIR\"/..\n\nif [[ \"$CONFIGURATION\" = *Debug* ]]; then\n  export SKIP_BUNDLING=1\nfi\nif [[ -z \"$ENTRY_FILE\" ]]; then\n  # Set the entry JS file using the bundler's entry resolution.\n  export ENTRY_FILE=\"$(\"$NODE_BINARY\" -e \"require('expo/scripts/resolveAppEntry')\" \"$PROJECT_ROOT\" ios absolute | tail -n 1)\"\nfi\n\nif [[ -z \"$CLI_PATH\" ]]; then\n  # Use Expo CLI\n  export CLI_PATH=\"$(\"$NODE_BINARY\" --print \"require.resolve('@expo/cli', { paths: [require.resolve('expo/package.json')] })\")\"\nfi\nif [[ -z \"$BUNDLE_COMMAND\" ]]; then\n  # Default Expo CLI command for bundling\n  export BUNDLE_COMMAND=\"export:embed\"\nfi\n\n# Source .xcode.env.updates if it exists to allow\n# SKIP_BUNDLING to be unset if needed\nif [[ -f \"$PODS_ROOT/../.xcode.env.updates\" ]]; then\n  source \"$PODS_ROOT/../.xcode.env.updates\"\nfi\n# Source local changes to allow overrides\n# if needed\nif [[ -f \"$PODS_ROOT/../.xcode.env.local\" ]]; then\n  source \"$PODS_ROOT/../.xcode.env.local\"\nfi\n\n`\"$NODE_BINARY\" --print \"require('path').dirname(require.resolve('react-native/package.json')) + '/scripts/react-native-xcode.sh'\"`\n\n";
		};
		08A4A3CD28434E44B6B9DE2E /* [CP] Check Pods Manifest.lock */ = {
			isa = PBXShellScriptBuildPhase;
			buildActionMask = 2147483647;
			files = (
			);
			inputFileListPaths = (
			);
			inputPaths = (
				"${PODS_PODFILE_DIR_PATH}/Podfile.lock",
				"${PODS_ROOT}/Manifest.lock",
			);
			name = "[CP] Check Pods Manifest.lock";
			outputFileListPaths = (
			);
			outputPaths = (
				"$(DERIVED_FILE_DIR)/Pods-JSONfit-checkManifestLockResult.txt",
			);
			runOnlyForDeploymentPostprocessing = 0;
			shellPath = /bin/sh;
			shellScript = "diff \"${PODS_PODFILE_DIR_PATH}/Podfile.lock\" \"${PODS_ROOT}/Manifest.lock\" > /dev/null\nif [ $? != 0 ] ; then\n    # print error to STDERR\n    echo \"error: The sandbox is not in sync with the Podfile.lock. Run 'pod install' or update your CocoaPods installation.\" >&2\n    exit 1\nfi\n# This output is used by Xcode 'outputs' to avoid re-running this script phase.\necho \"SUCCESS\" > \"${SCRIPT_OUTPUT_FILE_0}\"\n";
			showEnvVarsInLog = 0;
		};
		800E24972A6A228C8D4807E9 /* [CP] Copy Pods Resources */ = {
			isa = PBXShellScriptBuildPhase;
			buildActionMask = 2147483647;
			files = (
			);
			inputPaths = (
				"${PODS_ROOT}/Target Support Files/Pods-JSONfit/Pods-JSONfit-resources.sh",
				"${PODS_CONFIGURATION_BUILD_DIR}/EXConstants/EXConstants.bundle",
				"${PODS_CONFIGURATION_BUILD_DIR}/EXUpdates/EXUpdates.bundle",
				"${PODS_CONFIGURATION_BUILD_DIR}/React-Core/RCTI18nStrings.bundle",
			);
			name = "[CP] Copy Pods Resources";
			outputPaths = (
				"${TARGET_BUILD_DIR}/${UNLOCALIZED_RESOURCES_FOLDER_PATH}/EXConstants.bundle",
				"${TARGET_BUILD_DIR}/${UNLOCALIZED_RESOURCES_FOLDER_PATH}/EXUpdates.bundle",
				"${TARGET_BUILD_DIR}/${UNLOCALIZED_RESOURCES_FOLDER_PATH}/RCTI18nStrings.bundle",
			);
			runOnlyForDeploymentPostprocessing = 0;
			shellPath = /bin/sh;
			shellScript = "\"${PODS_ROOT}/Target Support Files/Pods-JSONfit/Pods-JSONfit-resources.sh\"\n";
			showEnvVarsInLog = 0;
		};
/* End PBXShellScriptBuildPhase section */

/* Begin PBXSourcesBuildPhase section */
		13B07F871A680F5B00A75B9A /* Sources */ = {
			isa = PBXSourcesBuildPhase;
			buildActionMask = 2147483647;
			files = (
				F11748422D0307B40044C1D9 /* AppDelegate.swift in Sources */,
			);
			runOnlyForDeploymentPostprocessing = 0;
		};
		BD66D0F2A8654D9389DA57C0 /* Embed Foundation Extensions */ = {
			isa = PBXSourcesBuildPhase;
			buildActionMask = 2147483647;
			files = (
				8D946FBFA41447CDA744F505 /* Color+hex.swift in Sources */,
				FBBB6AA1EB3D4581AFCAE8FC /* Date+toTimerInterval.swift in Sources */,
				F0F2E5A7E7D14D4692EFD3AD /* Image+dynamic.swift in Sources */,
				4D1F03B35E814E7189FF8F6A /* LiveActivityView.swift in Sources */,
				39672FC030B34504BF6FCBD6 /* LiveActivityWidget.swift in Sources */,
				7DEB5292391A444AA471A1F0 /* LiveActivityWidgetBundle.swift in Sources */,
				DB761400F8974B88B9E08476 /* View+applyIfPresent.swift in Sources */,
				AF5604C1B57047278D737657 /* View+applyWidgetURL.swift in Sources */,
				59E7F359B7CC477EA6F0D88D /* ViewHelpers.swift in Sources */,
			);
			runOnlyForDeploymentPostprocessing = 0;
		};
/* End PBXSourcesBuildPhase section */

/* Begin XCBuildConfiguration section */
		13B07F941A680F5B00A75B9A /* Debug */ = {
			isa = XCBuildConfiguration;
			buildSettings = {
				ASSETCATALOG_COMPILER_APPICON_NAME = AppIcon;
				CLANG_ENABLE_MODULES = YES;
				CURRENT_PROJECT_VERSION = 1;
				ENABLE_BITCODE = NO;
				GCC_PREPROCESSOR_DEFINITIONS = (
					"$(inherited)",
					"FB_SONARKIT_ENABLED=1",
				);
				INFOPLIST_FILE = JSONfit/Info.plist;
				IPHONEOS_DEPLOYMENT_TARGET = 15.1;
				LD_RUNPATH_SEARCH_PATHS = (
					"$(inherited)",
					"@executable_path/Frameworks",
				);
				MARKETING_VERSION = 1.0;
				OTHER_LDFLAGS = (
					"$(inherited)",
					"-ObjC",
					"-lc++",
				);
				PRODUCT_BUNDLE_IDENTIFIER = "com.RyanNovinc.JSON";
				PRODUCT_NAME = "JSONfit";
				SWIFT_OBJC_BRIDGING_HEADER = "JSONfit/JSONfit-Bridging-Header.h";
				SWIFT_OPTIMIZATION_LEVEL = "-Onone";
				SWIFT_VERSION = 5.0;
				VERSIONING_SYSTEM = "apple-generic";
				TARGETED_DEVICE_FAMILY = "1,2";
				CODE_SIGN_ENTITLEMENTS = JSONfit/JSONfit.entitlements;
			};
			name = Debug;
		};
		13B07F951A680F5B00A75B9A /* Release */ = {
			isa = XCBuildConfiguration;
			buildSettings = {
				ASSETCATALOG_COMPILER_APPICON_NAME = AppIcon;
				CLANG_ENABLE_MODULES = YES;
				CURRENT_PROJECT_VERSION = 1;
				INFOPLIST_FILE = JSONfit/Info.plist;
				IPHONEOS_DEPLOYMENT_TARGET = 15.1;
				LD_RUNPATH_SEARCH_PATHS = (
					"$(inherited)",
					"@executable_path/Frameworks",
				);
				MARKETING_VERSION = 1.0;
				OTHER_LDFLAGS = (
					"$(inherited)",
					"-ObjC",
					"-lc++",
				);
				PRODUCT_BUNDLE_IDENTIFIER = "com.RyanNovinc.JSON";
				PRODUCT_NAME = "JSONfit";
				SWIFT_OBJC_BRIDGING_HEADER = "JSONfit/JSONfit-Bridging-Header.h";
				SWIFT_VERSION = 5.0;
				VERSIONING_SYSTEM = "apple-generic";
				TARGETED_DEVICE_FAMILY = "1,2";
				CODE_SIGN_ENTITLEMENTS = JSONfit/JSONfit.entitlements;
			};
			name = Release;
		};
		83CBBA201A601CBA00E9B192 /* Debug */ = {
			isa = XCBuildConfiguration;
			buildSettings = {
				ALWAYS_SEARCH_USER_PATHS = NO;
				CLANG_ANALYZER_LOCALIZABILITY_NONLOCALIZED = YES;
				CLANG_CXX_LANGUAGE_STANDARD = "c++20";
				CLANG_CXX_LIBRARY = "libc++";
				CLANG_ENABLE_MODULES = YES;
				CLANG_ENABLE_OBJC_ARC = YES;
				CLANG_WARN_BLOCK_CAPTURE_AUTORELEASING = YES;
				CLANG_WARN_BOOL_CONVERSION = YES;
				CLANG_WARN_COMMA = YES;
				CLANG_WARN_CONSTANT_CONVERSION = YES;
				CLANG_WARN_DEPRECATED_OBJC_IMPLEMENTATIONS = YES;
				CLANG_WARN_DIRECT_OBJC_ISA_USAGE = YES_ERROR;
				CLANG_WARN_EMPTY_BODY = YES;
				CLANG_WARN_ENUM_CONVERSION = YES;
				CLANG_WARN_INFINITE_RECURSION = YES;
				CLANG_WARN_INT_CONVERSION = YES;
				CLANG_WARN_NON_LITERAL_NULL_CONVERSION = YES;
				CLANG_WARN_OBJC_IMPLICIT_RETAIN_SELF = YES;
				CLANG_WARN_OBJC_LITERAL_CONVERSION = YES;
				CLANG_WARN_OBJC_ROOT_CLASS = YES_ERROR;
				CLANG_WARN_RANGE_LOOP_ANALYSIS = YES;
				CLANG_WARN_STRICT_PROTOTYPES = YES;
				CLANG_WARN_SUSPICIOUS_MOVE = YES;
				CLANG_WARN_UNREACHABLE_CODE = YES;
				CLANG_WARN__DUPLICATE_METHOD_MATCH = YES;
				"CODE_SIGN_IDENTITY[sdk=iphoneos*]" = "iPhone Developer";
				COPY_PHASE_STRIP = NO;
				ENABLE_STRICT_OBJC_MSGSEND = YES;
				ENABLE_TESTABILITY = YES;
				GCC_C_LANGUAGE_STANDARD = gnu99;
				GCC_DYNAMIC_NO_PIC = NO;
				GCC_NO_COMMON_BLOCKS = YES;
				GCC_OPTIMIZATION_LEVEL = 0;
				GCC_PREPROCESSOR_DEFINITIONS = (
					"DEBUG=1",
					"$(inherited)",
				);
				GCC_SYMBOLS_PRIVATE_EXTERN = NO;
				GCC_WARN_64_TO_32_BIT_CONVERSION = YES;
				GCC_WARN_ABOUT_RETURN_TYPE = YES_ERROR;
				GCC_WARN_UNDECLARED_SELECTOR = YES;
				GCC_WARN_UNINITIALIZED_AUTOS = YES_AGGRESSIVE;
				GCC_WARN_UNUSED_FUNCTION = YES;
				GCC_WARN_UNUSED_VARIABLE = YES;
				IPHONEOS_DEPLOYMENT_TARGET = 15.1;
				LD_RUNPATH_SEARCH_PATHS = (
					/usr/lib/swift,
					"$(inherited)",
				);
				LIBRARY_SEARCH_PATHS = "\"$(inherited)\"";
				MTL_ENABLE_DEBUG_INFO = YES;
				ONLY_ACTIVE_ARCH = YES;
				SDKROOT = iphoneos;
			};
			name = Debug;
		};
		83CBBA211A601CBA00E9B192 /* Release */ = {
			isa = XCBuildConfiguration;
			buildSettings = {
				ALWAYS_SEARCH_USER_PATHS = NO;
				CLANG_ANALYZER_LOCALIZABILITY_NONLOCALIZED = YES;
				CLANG_CXX_LANGUAGE_STANDARD = "c++20";
				CLANG_CXX_LIBRARY = "libc++";
				CLANG_ENABLE_MODULES = YES;
				CLANG_ENABLE_OBJC_ARC = YES;
				CLANG_WARN_BLOCK_CAPTURE_AUTORELEASING = YES;
				CLANG_WARN_BOOL_CONVERSION = YES;
				CLANG_WARN_COMMA = YES;
				CLANG_WARN_CONSTANT_CONVERSION = YES;
				CLANG_WARN_DEPRECATED_OBJC_IMPLEMENTATIONS = YES;
				CLANG_WARN_DIRECT_OBJC_ISA_USAGE = YES_ERROR;
				CLANG_WARN_EMPTY_BODY = YES;
				CLANG_WARN_ENUM_CONVERSION = YES;
				CLANG_WARN_INFINITE_RECURSION = YES;
				CLANG_WARN_INT_CONVERSION = YES;
				CLANG_WARN_NON_LITERAL_NULL_CONVERSION = YES;
				CLANG_WARN_OBJC_IMPLICIT_RETAIN_SELF = YES;
				CLANG_WARN_OBJC_LITERAL_CONVERSION = YES;
				CLANG_WARN_OBJC_ROOT_CLASS = YES_ERROR;
				CLANG_WARN_RANGE_LOOP_ANALYSIS = YES;
				CLANG_WARN_STRICT_PROTOTYPES = YES;
				CLANG_WARN_SUSPICIOUS_MOVE = YES;
				CLANG_WARN_UNREACHABLE_CODE = YES;
				CLANG_WARN__DUPLICATE_METHOD_MATCH = YES;
				"CODE_SIGN_IDENTITY[sdk=iphoneos*]" = "iPhone Developer";
				COPY_PHASE_STRIP = YES;
				ENABLE_NS_ASSERTIONS = NO;
				ENABLE_STRICT_OBJC_MSGSEND = YES;
				GCC_C_LANGUAGE_STANDARD = gnu99;
				GCC_NO_COMMON_BLOCKS = YES;
				GCC_WARN_64_TO_32_BIT_CONVERSION = YES;
				GCC_WARN_ABOUT_RETURN_TYPE = YES_ERROR;
				GCC_WARN_UNDECLARED_SELECTOR = YES;
				GCC_WARN_UNINITIALIZED_AUTOS = YES_AGGRESSIVE;
				GCC_WARN_UNUSED_FUNCTION = YES;
				GCC_WARN_UNUSED_VARIABLE = YES;
				IPHONEOS_DEPLOYMENT_TARGET = 15.1;
				LD_RUNPATH_SEARCH_PATHS = (
					/usr/lib/swift,
					"$(inherited)",
				);
				LIBRARY_SEARCH_PATHS = "\"$(inherited)\"";
				MTL_ENABLE_DEBUG_INFO = NO;
				SDKROOT = iphoneos;
				VALIDATE_PRODUCT = YES;
			};
			name = Release;
		};
		3F88C148F6C6453998E4681C /* Debug */ = {
			name = Debug;
			isa = XCBuildConfiguration;
			buildSettings = {
				PRODUCT_NAME = "$(TARGET_NAME)";
				SWIFT_VERSION = 5.0;
				TARGETED_DEVICE_FAMILY = "1,2";
				INFOPLIST_FILE = LiveActivity/Info.plist;
				CURRENT_PROJECT_VERSION = "10";
				IPHONEOS_DEPLOYMENT_TARGET = "16.2";
				PRODUCT_BUNDLE_IDENTIFIER = "com.RyanNovinc.JSON.LiveActivity";
				GENERATE_INFOPLIST_FILE = "YES";
				INFOPLIST_KEY_CFBundleDisplayName = LiveActivity;
				INFOPLIST_KEY_NSHumanReadableCopyright = "";
				MARKETING_VERSION = "1.0.10";
				SWIFT_OPTIMIZATION_LEVEL = "-Onone";
				CODE_SIGN_ENTITLEMENTS = "LiveActivity/LiveActivity.entitlements";
				APPLICATION_EXTENSION_API_ONLY = "YES";
			};
		};
		CAD419C54B6E49EDAC3BB074 /* Release */ = {
			name = Release;
			isa = XCBuildConfiguration;
			buildSettings = {
				PRODUCT_NAME = "$(TARGET_NAME)";
				SWIFT_VERSION = 5.0;
				TARGETED_DEVICE_FAMILY = "1,2";
				INFOPLIST_FILE = LiveActivity/Info.plist;
				CURRENT_PROJECT_VERSION = "10";
				IPHONEOS_DEPLOYMENT_TARGET = "16.2";
				PRODUCT_BUNDLE_IDENTIFIER = "com.RyanNovinc.JSON.LiveActivity";
				GENERATE_INFOPLIST_FILE = "YES";
				INFOPLIST_KEY_CFBundleDisplayName = LiveActivity;
				INFOPLIST_KEY_NSHumanReadableCopyright = "";
				MARKETING_VERSION = "1.0.10";
				SWIFT_OPTIMIZATION_LEVEL = "-Onone";
				CODE_SIGN_ENTITLEMENTS = "LiveActivity/LiveActivity.entitlements";
				APPLICATION_EXTENSION_API_ONLY = "YES";
			};
		};
/* End XCBuildConfiguration section */

/* Begin XCConfigurationList section */
		13B07F931A680F5B00A75B9A /* Build configuration list for PBXNativeTarget "JSONfit" */ = {
			isa = XCConfigurationList;
			buildConfigurations = (
				13B07F941A680F5B00A75B9A /* Debug */,
				13B07F951A680F5B00A75B9A /* Release */,
			);
			defaultConfigurationIsVisible = 0;
			defaultConfigurationName = Release;
		};
		83CBB9FA1A601CBA00E9B192 /* Build configuration list for PBXProject "JSONfit" */ = {
			isa = XCConfigurationList;
			buildConfigurations = (
				83CBBA201A601CBA00E9B192 /* Debug */,
				83CBBA211A601CBA00E9B192 /* Release */,
			);
			defaultConfigurationIsVisible = 0;
			defaultConfigurationName = Release;
		};
		669F6D3E0E2445BA93CC0699 /* Build configuration list for PBXNativeTarget "LiveActivity" */ = {
			isa = XCConfigurationList;
			buildConfigurations = (
				3F88C148F6C6453998E4681C /* Debug */,
				CAD419C54B6E49EDAC3BB074 /* Release */,
			);
			defaultConfigurationIsVisible = 0;
			defaultConfigurationName = Release;
		};
/* End XCConfigurationList section */

/* Begin PBXTargetDependency section */
		73E58E022D3F43F4B01F7106 /* PBXTargetDependency */ = {
			isa = PBXTargetDependency;
			target = A7D6DC294E504DA5B2E3609E /* LiveActivity */;
			targetProxy = 9EE5C4455CC049B39C6F3402 /* PBXContainerItemProxy */;
		};
/* End PBXTargetDependency section */

/* Begin PBXContainerItemProxy section */
		9EE5C4455CC049B39C6F3402 /* PBXContainerItemProxy */ = {
			isa = PBXContainerItemProxy;
			containerPortal = 83CBB9F71A601CBA00E9B192 /* Project object */;
			proxyType = 1;
			remoteGlobalIDString = A7D6DC294E504DA5B2E3609E;
			remoteInfo = LiveActivity;
		};
/* End PBXContainerItemProxy section */

/* Begin PBXCopyFilesBuildPhase section */
		16D830E2079E41599AF046EA /* Embed Foundation Extensions */ = {
			isa = PBXCopyFilesBuildPhase;
			buildActionMask = 2147483647;
			files = (
				5B81EC7D6D8A445E9ED08DEF /* LiveActivity.appex in Embed Foundation Extensions */,
			);
			runOnlyForDeploymentPostprocessing = 0;
			name = "Embed Foundation Extensions";
			dstPath = "";
			dstSubfolderSpec = 13;
		};
/* End PBXCopyFilesBuildPhase section */
	};
	rootObject = 83CBB9F71A601CBA00E9B192 /* Project object */;
}
